// !$*UTF8*$!
{
	archiveVersion = 1;
	classes = {
	};
	objectVersion = 50;
	objects = {

/* Begin PBXBuildFile section */
		522E4F78259EF90600AA08DB /* MusicPlayerCircularSliderApp.swift in Sources */ = {isa = PBXBuildFile; fileRef = 522E4F77259EF90600AA08DB /* MusicPlayerCircularSliderApp.swift */; };
		522E4F7A259EF90600AA08DB /* ContentView.swift in Sources */ = {isa = PBXBuildFile; fileRef = 522E4F79259EF90600AA08DB /* ContentView.swift */; };
		522E4F7C259EF90600AA08DB /* Assets.xcassets in Resources */ = {isa = PBXBuildFile; fileRef = 522E4F7B259EF90600AA08DB /* Assets.xcassets */; };
		522E4F7F259EF90600AA08DB /* Preview Assets.xcassets in Resources */ = {isa = PBXBuildFile; fileRef = 522E4F7E259EF90600AA08DB /* Preview Assets.xcassets */; };
		522E4F8B259F0A4B00AA08DB /* HomeViewModel.swift in Sources */ = {isa = PBXBuildFile; fileRef = 522E4F8A259F0A4B00AA08DB /* HomeViewModel.swift */; };
		522E4F8F259F0A5400AA08DB /* Album.swift in Sources */ = {isa = PBXBuildFile; fileRef = 522E4F8E259F0A5400AA08DB /* Album.swift */; };
		522E4F93259F0A6500AA08DB /* Home.swift in Sources */ = {isa = PBXBuildFile; fileRef = 522E4F92259F0A6500AA08DB /* Home.swift */; };
		522E4F97259F0BB500AA08DB /* audio.mp3 in Resources */ = {isa = PBXBuildFile; fileRef = 522E4F96259F0BB500AA08DB /* audio.mp3 */; };
/* End PBXBuildFile section */

/* Begin PBXFileReference section */
		522E4F74259EF90600AA08DB /* MusicPlayerCircularSlider.app */ = {isa = PBXFileReference; explicitFileType = wrapper.application; includeInIndex = 0; path = MusicPlayerCircularSlider.app; sourceTree = BUILT_PRODUCTS_DIR; };
		522E4F77259EF90600AA08DB /* MusicPlayerCircularSliderApp.swift */ = {isa = PBXFileReference; lastKnownFileType = sourcecode.swift; path = MusicPlayerCircularSliderApp.swift; sourceTree = "<group>"; };
		522E4F79259EF90600AA08DB /* ContentView.swift */ = {isa = PBXFileReference; lastKnownFileType = sourcecode.swift; path = ContentView.swift; sourceTree = "<group>"; };
		522E4F7B259EF90600AA08DB /* Assets.xcassets */ = {isa = PBXFileReference; lastKnownFileType = folder.assetcatalog; path = Assets.xcassets; sourceTree = "<group>"; };
		522E4F7E259EF90600AA08DB /* Preview Assets.xcassets */ = {isa = PBXFileReference; lastKnownFileType = folder.assetcatalog; path = "Preview Assets.xcassets"; sourceTree = "<group>"; };
		522E4F80259EF90600AA08DB /* Info.plist */ = {isa = PBXFileReference; lastKnownFileType = text.plist.xml; path = Info.plist; sourceTree = "<group>"; };
		522E4F8A259F0A4B00AA08DB /* HomeViewModel.swift */ = {isa = PBXFileReference; lastKnownFileType = sourcecode.swift; path = HomeViewModel.swift; sourceTree = "<group>"; };
		522E4F8E259F0A5400AA08DB /* Album.swift */ = {isa = PBXFileReference; lastKnownFileType = sourcecode.swift; path = Album.swift; sourceTree = "<group>"; };
		522E4F92259F0A6500AA08DB /* Home.swift */ = {isa = PBXFileReference; lastKnownFileType = sourcecode.swift; path = Home.swift; sourceTree = "<group>"; };
		522E4F96259F0BB500AA08DB /* audio.mp3 */ = {isa = PBXFileReference; lastKnownFileType = audio.mp3; path = audio.mp3; sourceTree = "<group>"; };
/* End PBXFileReference section */

/* Begin PBXFrameworksBuildPhase section */
		522E4F71259EF90500AA08DB /* Frameworks */ = {
			isa = PBXFrameworksBuildPhase;
			buildActionMask = 2147483647;
			files = (
			);
			runOnlyForDeploymentPostprocessing = 0;
		};
/* End PBXFrameworksBuildPhase section */

/* Begin PBXGroup section */
		522E4F6B259EF90500AA08DB = {
			isa = PBXGroup;
			children = (
				522E4F96259F0BB500AA08DB /* audio.mp3 */,
				522E4F76259EF90600AA08DB /* MusicPlayerCircularSlider */,
				522E4F75259EF90600AA08DB /* Products */,
			);
			sourceTree = "<group>";
		};
		522E4F75259EF90600AA08DB /* Products */ = {
			isa = PBXGroup;
			children = (
				522E4F74259EF90600AA08DB /* MusicPlayerCircularSlider.app */,
			);
			name = Products;
			sourceTree = "<group>";
		};
		522E4F76259EF90600AA08DB /* MusicPlayerCircularSlider */ = {
			isa = PBXGroup;
			children = (
				522E4F87259F0A1500AA08DB /* ViewModel */,
				522E4F88259F0A1D00AA08DB /* Model */,
				522E4F89259F0A2200AA08DB /* View */,
				522E4F77259EF90600AA08DB /* MusicPlayerCircularSliderApp.swift */,
				522E4F79259EF90600AA08DB /* ContentView.swift */,
				522E4F7B259EF90600AA08DB /* Assets.xcassets */,
				522E4F80259EF90600AA08DB /* Info.plist */,
				522E4F7D259EF90600AA08DB /* Preview Content */,
			);
			path = MusicPlayerCircularSlider;
			sourceTree = "<group>";
		};
		522E4F7D259EF90600AA08DB /* Preview Content */ = {
			isa = PBXGroup;
			children = (
				522E4F7E259EF90600AA08DB /* Preview Assets.xcassets */,
			);
			path = "Preview Content";
			sourceTree = "<group>";
		};
		522E4F87259F0A1500AA08DB /* ViewModel */ = {
			isa = PBXGroup;
			children = (
				522E4F8A259F0A4B00AA08DB /* HomeViewModel.swift */,
			);
			path = ViewModel;
			sourceTree = "<group>";
		};
		522E4F88259F0A1D00AA08DB /* Model */ = {
			isa = PBXGroup;
			children = (
				522E4F8E259F0A5400AA08DB /* Album.swift */,
			);
			path = Model;
			sourceTree = "<group>";
		};
		522E4F89259F0A2200AA08DB /* View */ = {
			isa = PBXGroup;
			children = (
				522E4F92259F0A6500AA08DB /* Home.swift */,
			);
			path = View;
			sourceTree = "<group>";
		};
/* End PBXGroup section */

/* Begin PBXNativeTarget section */
		522E4F73259EF90500AA08DB /* MusicPlayerCircularSlider */ = {
			isa = PBXNativeTarget;
			buildConfigurationList = 522E4F83259EF90600AA08DB /* Build configuration list for PBXNativeTarget "MusicPlayerCircularSlider" */;
			buildPhases = (
				522E4F70259EF90500AA08DB /* Sources */,
				522E4F71259EF90500AA08DB /* Frameworks */,
				522E4F72259EF90500AA08DB /* Resources */,
			);
			buildRules = (
			);
			dependencies = (
			);
			name = MusicPlayerCircularSlider;
			productName = MusicPlayerCircularSlider;
			productReference = 522E4F74259EF90600AA08DB /* MusicPlayerCircularSlider.app */;
			productType = "com.apple.product-type.application";
		};
/* End PBXNativeTarget section */

/* Begin PBXProject section */
		522E4F6C259EF90500AA08DB /* Project object */ = {
			isa = PBXProject;
			attributes = {
				LastSwiftUpdateCheck = 1230;
				LastUpgradeCheck = 1230;
				TargetAttributes = {
					522E4F73259EF90500AA08DB = {
						CreatedOnToolsVersion = 12.3;
					};
				};
			};
			buildConfigurationList = 522E4F6F259EF90500AA08DB /* Build configuration list for PBXProject "MusicPlayerCircularSlider" */;
			compatibilityVersion = "Xcode 9.3";
			developmentRegion = en;
			hasScannedForEncodings = 0;
			knownRegions = (
				en,
				Base,
			);
			mainGroup = 522E4F6B259EF90500AA08DB;
			productRefGroup = 522E4F75259EF90600AA08DB /* Products */;
			projectDirPath = "";
			projectRoot = "";
			targets = (
				522E4F73259EF90500AA08DB /* MusicPlayerCircularSlider */,
			);
		};
/* End PBXProject section */

/* Begin PBXResourcesBuildPhase section */
		522E4F72259EF90500AA08DB /* Resources */ = {
			isa = PBXResourcesBuildPhase;
			buildActionMask = 2147483647;
			files = (
				522E4F7F259EF90600AA08DB /* Preview Assets.xcassets in Resources */,
				522E4F7C259EF90600AA08DB /* Assets.xcassets in Resources */,
				522E4F97259F0BB500AA08DB /* audio.mp3 in Resources */,
			);
			runOnlyForDeploymentPostprocessing = 0;
		};
/* End PBXResourcesBuildPhase section */

/* Begin PBXSourcesBuildPhase section */
		522E4F70259EF90500AA08DB /* Sources */ = {
			isa = PBXSourcesBuildPhase;
			buildActionMask = 2147483647;
			files = (
				522E4F7A259EF90600AA08DB /* ContentView.swift in Sources */,
				522E4F8B259F0A4B00AA08DB /* HomeViewModel.swift in Sources */,
				522E4F93259F0A6500AA08DB /* Home.swift in Sources */,
				522E4F78259EF90600AA08DB /* MusicPlayerCircularSliderApp.swift in Sources */,
				522E4F8F259F0A5400AA08DB /* Album.swift in Sources */,
			);
			runOnlyForDeploymentPostprocessing = 0;
		};
/* End PBXSourcesBuildPhase section */

/* Begin XCBuildConfiguration section */
		522E4F81259EF90600AA08DB /* Debug */ = {
			isa = XCBuildConfiguration;
			buildSettings = {
				ALWAYS_SEARCH_USER_PATHS = NO;
				CLANG_ANALYZER_NONNULL = YES;
				CLANG_ANALYZER_NUMBER_OBJECT_CONVERSION = YES_AGGRESSIVE;
				CLANG_CXX_LANGUAGE_STANDARD = "gnu++14";
				CLANG_CXX_LIBRARY = "libc++";
				CLANG_ENABLE_MODULES = YES;
				CLANG_ENABLE_OBJC_ARC = YES;
				CLANG_ENABLE_OBJC_WEAK = YES;
				CLANG_WARN_BLOCK_CAPTURE_AUTORELEASING = YES;
				CLANG_WARN_BOOL_CONVERSION = YES;
				CLANG_WARN_COMMA = YES;
				CLANG_WARN_CONSTANT_CONVERSION = YES;
				CLANG_WARN_DEPRECATED_OBJC_IMPLEMENTATIONS = YES;
				CLANG_WARN_DIRECT_OBJC_ISA_USAGE = YES_ERROR;
				CLANG_WARN_DOCUMENTATION_COMMENTS = YES;
				CLANG_WARN_EMPTY_BODY = YES;
				CLANG_WARN_ENUM_CONVERSION = YES;
				CLANG_WARN_INFINITE_RECURSION = YES;
				CLANG_WARN_INT_CONVERSION = YES;
				CLANG_WARN_NON_LITERAL_NULL_CONVERSION = YES;
				CLANG_WARN_OBJC_IMPLICIT_RETAIN_SELF = YES;
				CLANG_WARN_OBJC_LITERAL_CONVERSION = YES;
				CLANG_WARN_OBJC_ROOT_CLASS = YES_ERROR;
				CLANG_WARN_QUOTED_INCLUDE_IN_FRAMEWORK_HEADER = YES;
				CLANG_WARN_RANGE_LOOP_ANALYSIS = YES;
				CLANG_WARN_STRICT_PROTOTYPES = YES;
				CLANG_WARN_SUSPICIOUS_MOVE = YES;
				CLANG_WARN_UNGUARDED_AVAILABILITY = YES_AGGRESSIVE;
				CLANG_WARN_UNREACHABLE_CODE = YES;
				CLANG_WARN__DUPLICATE_METHOD_MATCH = YES;
				COPY_PHASE_STRIP = NO;
				DEBUG_INFORMATION_FORMAT = dwarf;
				ENABLE_STRICT_OBJC_MSGSEND = YES;
				ENABLE_TESTABILITY = YES;
				GCC_C_LANGUAGE_STANDARD = gnu11;
				GCC_DYNAMIC_NO_PIC = NO;
				GCC_NO_COMMON_BLOCKS = YES;
				GCC_OPTIMIZATION_LEVEL = 0;
				GCC_PREPROCESSOR_DEFINITIONS = (
					"DEBUG=1",
					"$(inherited)",
				);
				GCC_WARN_64_TO_32_BIT_CONVERSION = YES;
				GCC_WARN_ABOUT_RETURN_TYPE = YES_ERROR;
				GCC_WARN_UNDECLARED_SELECTOR = YES;
				GCC_WARN_UNINITIALIZED_AUTOS = YES_AGGRESSIVE;
				GCC_WARN_UNUSED_FUNCTION = YES;
				GCC_WARN_UNUSED_VARIABLE = YES;
				IPHONEOS_DEPLOYMENT_TARGET = 14.3;
				MTL_ENABLE_DEBUG_INFO = INCLUDE_SOURCE;
				MTL_FAST_MATH = YES;
				ONLY_ACTIVE_ARCH = YES;
				SDKROOT = iphoneos;
				SWIFT_ACTIVE_COMPILATION_CONDITIONS = DEBUG;
				SWIFT_OPTIMIZATION_LEVEL = "-Onone";
			};
			name = Debug;
		};
		522E4F82259EF90600AA08DB /* Release */ = {
			isa = XCBuildConfiguration;
			buildSettings = {
				ALWAYS_SEARCH_USER_PATHS = NO;
				CLANG_ANALYZER_NONNULL = YES;
				CLANG_ANALYZER_NUMBER_OBJECT_CONVERSION = YES_AGGRESSIVE;
				CLANG_CXX_LANGUAGE_STANDARD = "gnu++14";
				CLANG_CXX_LIBRARY = "libc++";
				CLANG_ENABLE_MODULES = YES;
				CLANG_ENABLE_OBJC_ARC = YES;
				CLANG_ENABLE_OBJC_WEAK = YES;
				CLANG_WARN_BLOCK_CAPTURE_AUTORELEASING = YES;
				CLANG_WARN_BOOL_CONVERSION = YES;
				CLANG_WARN_COMMA = YES;
				CLANG_WARN_CONSTANT_CONVERSION = YES;
				CLANG_WARN_DEPRECATED_OBJC_IMPLEMENTATIONS = YES;
				CLANG_WARN_DIRECT_OBJC_ISA_USAGE = YES_ERROR;
				CLANG_WARN_DOCUMENTATION_COMMENTS = YES;
				CLANG_WARN_EMPTY_BODY = YES;
				CLANG_WARN_ENUM_CONVERSION = YES;
				CLANG_WARN_INFINITE_RECURSION = YES;
				CLANG_WARN_INT_CONVERSION = YES;
				CLANG_WARN_NON_LITERAL_NULL_CONVERSION = YES;
				CLANG_WARN_OBJC_IMPLICIT_RETAIN_SELF = YES;
				CLANG_WARN_OBJC_LITERAL_CONVERSION = YES;
				CLANG_WARN_OBJC_ROOT_CLASS = YES_ERROR;
				CLANG_WARN_QUOTED_INCLUDE_IN_FRAMEWORK_HEADER = YES;
				CLANG_WARN_RANGE_LOOP_ANALYSIS = YES;
				CLANG_WARN_STRICT_PROTOTYPES = YES;
				CLANG_WARN_SUSPICIOUS_MOVE = YES;
				CLANG_WARN_UNGUARDED_AVAILABILITY = YES_AGGRESSIVE;
				CLANG_WARN_UNREACHABLE_CODE = YES;
				CLANG_WARN__DUPLICATE_METHOD_MATCH = YES;
				COPY_PHASE_STRIP = NO;
				DEBUG_INFORMATION_FORMAT = "dwarf-with-dsym";
				ENABLE_NS_ASSERTIONS = NO;
				ENABLE_STRICT_OBJC_MSGSEND = YES;
				GCC_C_LANGUAGE_STANDARD = gnu11;
				GCC_NO_COMMON_BLOCKS = YES;
				GCC_WARN_64_TO_32_BIT_CONVERSION = YES;
				GCC_WARN_ABOUT_RETURN_TYPE = YES_ERROR;
				GCC_WARN_UNDECLARED_SELECTOR = YES;
				GCC_WARN_UNINITIALIZED_AUTOS = YES_AGGRESSIVE;
				GCC_WARN_UNUSED_FUNCTION = YES;
				GCC_WARN_UNUSED_VARIABLE = YES;
				IPHONEOS_DEPLOYMENT_TARGET = 14.3;
				MTL_ENABLE_DEBUG_INFO = NO;
				MTL_FAST_MATH = YES;
				SDKROOT = iphoneos;
				SWIFT_COMPILATION_MODE = wholemodule;
				SWIFT_OPTIMIZATION_LEVEL = "-O";
				VALIDATE_PRODUCT = YES;
			};
			name = Release;
		};
		522E4F84259EF90600AA08DB /* Debug */ = {
			isa = XCBuildConfiguration;
			buildSettings = {
				ASSETCATALOG_COMPILER_APPICON_NAME = AppIcon;
				ASSETCATALOG_COMPILER_GLOBAL_ACCENT_COLOR_NAME = AccentColor;
				CODE_SIGN_STYLE = Automatic;
				DEVELOPMENT_ASSET_PATHS = "\"MusicPlayerCircularSlider/Preview Content\"";
				DEVELOPMENT_TEAM = PM9A36DEYH;
				ENABLE_PREVIEWS = YES;
				INFOPLIST_FILE = MusicPlayerCircularSlider/Info.plist;
				IPHONEOS_DEPLOYMENT_TARGET = 14.0;
				LD_RUNPATH_SEARCH_PATHS = (
					"$(inherited)",
					"@executable_path/Frameworks",
				);
				PRODUCT_BUNDLE_IDENTIFIER = com.ginger.MusicPlayerCircularSlider;
				PRODUCT_NAME = "$(TARGET_NAME)";
				SWIFT_VERSION = 5.0;
				TARGETED_DEVICE_FAMILY = "1,2";
			};
			name = Debug;
		};
		522E4F85259EF90600AA08DB /* Release */ = {
			isa = XCBuildConfiguration;
			buildSettings = {
				ASSETCATALOG_COMPILER_APPICON_NAME = AppIcon;
				ASSETCATALOG_COMPILER_GLOBAL_ACCENT_COLOR_NAME = AccentColor;
				CODE_SIGN_STYLE = Automatic;
				DEVELOPMENT_ASSET_PATHS = "\"MusicPlayerCircularSlider/Preview Content\"";
				DEVELOPMENT_TEAM = PM9A36DEYH;
				ENABLE_PREVIEWS = YES;
				INFOPLIST_FILE = MusicPlayerCircularSlider/Info.plist;
				IPHONEOS_DEPLOYMENT_TARGET = 14.0;
				LD_RUNPATH_SEARCH_PATHS = (
					"$(inherited)",
					"@executable_path/Frameworks",
				);
				PRODUCT_BUNDLE_IDENTIFIER = com.ginger.MusicPlayerCircularSlider;
				PRODUCT_NAME = "$(TARGET_NAME)";
				SWIFT_VERSION = 5.0;
				TARGETED_DEVICE_FAMILY = "1,2";
			};
			name = Release;
		};
/* End XCBuildConfiguration section */

/* Begin XCConfigurationList section */
		522E4F6F259EF90500AA08DB /* Build configuration list for PBXProject "MusicPlayerCircularSlider" */ = {
			isa = XCConfigurationList;
			buildConfigurations = (
				522E4F81259EF90600AA08DB /* Debug */,
				522E4F82259EF90600AA08DB /* Release */,
			);
			defaultConfigurationIsVisible = 0;
			defaultConfigurationName = Release;
		};
		522E4F83259EF90600AA08DB /* Build configuration list for PBXNativeTarget "MusicPlayerCircularSlider" */ = {
			isa = XCConfigurationList;
			buildConfigurations = (
				522E4F84259EF90600AA08DB /* Debug */,
				522E4F85259EF90600AA08DB /* Release */,
			);
			defaultConfigurationIsVisible = 0;
			defaultConfigurationName = Release;
		};
/* End XCConfigurationList section */
	};
	rootObject = 522E4F6C259EF90500AA08DB /* Project object */;
}
