// !$*UTF8*$!
{
	archiveVersion = 1;
	classes = {
	};
	objectVersion = 52;
	objects = {

/* Begin PBXBuildFile section */
		5217FCD725C6C26500E96782 /* QuizFirebaseFirestoreApp.swift in Sources */ = {isa = PBXBuildFile; fileRef = 5217FCD625C6C26500E96782 /* QuizFirebaseFirestoreApp.swift */; };
		5217FCD925C6C26500E96782 /* ContentView.swift in Sources */ = {isa = PBXBuildFile; fileRef = 5217FCD825C6C26500E96782 /* ContentView.swift */; };
		5217FCDB25C6C26600E96782 /* Assets.xcassets in Resources */ = {isa = PBXBuildFile; fileRef = 5217FCDA25C6C26600E96782 /* Assets.xcassets */; };
		5217FCDE25C6C26600E96782 /* Preview Assets.xcassets in Resources */ = {isa = PBXBuildFile; fileRef = 5217FCDD25C6C26600E96782 /* Preview Assets.xcassets */; };
		5217FCE725C6C44200E96782 /* GoogleService-Info.plist in Resources */ = {isa = PBXBuildFile; fileRef = 5217FCE625C6C44200E96782 /* GoogleService-Info.plist */; };
		5217FCEC25C6C5BB00E96782 /* FirebaseFirestore in Frameworks */ = {isa = PBXBuildFile; productRef = 5217FCEB25C6C5BB00E96782 /* FirebaseFirestore */; };
		5217FCF025C6C5E400E96782 /* FirebaseFirestoreSwift-Beta in Frameworks */ = {isa = PBXBuildFile; productRef = 5217FCEF25C6C5E400E96782 /* FirebaseFirestoreSwift-Beta */; };
		5217FCF625C6C7A000E96782 /* Question.swift in Sources */ = {isa = PBXBuildFile; fileRef = 5217FCF525C6C7A000E96782 /* Question.swift */; };
		5217FCFA25C6C86700E96782 /* QuestionViewModel.swift in Sources */ = {isa = PBXBuildFile; fileRef = 5217FCF925C6C86700E96782 /* QuestionViewModel.swift */; };
		5217FCFD25C6C97600E96782 /* Home.swift in Sources */ = {isa = PBXBuildFile; fileRef = 5217FCFC25C6C97600E96782 /* Home.swift */; };
		5217FD0025C6DEC400E96782 /* QA.swift in Sources */ = {isa = PBXBuildFile; fileRef = 5217FCFF25C6DEC400E96782 /* QA.swift */; };
		5217FD0325C6E47A00E96782 /* QuestionView.swift in Sources */ = {isa = PBXBuildFile; fileRef = 5217FD0225C6E47A00E96782 /* QuestionView.swift */; };
/* End PBXBuildFile section */

/* Begin PBXFileReference section */
		5217FCD325C6C26500E96782 /* QuizFirebaseFirestore.app */ = {isa = PBXFileReference; explicitFileType = wrapper.application; includeInIndex = 0; path = QuizFirebaseFirestore.app; sourceTree = BUILT_PRODUCTS_DIR; };
		5217FCD625C6C26500E96782 /* QuizFirebaseFirestoreApp.swift */ = {isa = PBXFileReference; lastKnownFileType = sourcecode.swift; path = QuizFirebaseFirestoreApp.swift; sourceTree = "<group>"; };
		5217FCD825C6C26500E96782 /* ContentView.swift */ = {isa = PBXFileReference; lastKnownFileType = sourcecode.swift; path = ContentView.swift; sourceTree = "<group>"; };
		5217FCDA25C6C26600E96782 /* Assets.xcassets */ = {isa = PBXFileReference; lastKnownFileType = folder.assetcatalog; path = Assets.xcassets; sourceTree = "<group>"; };
		5217FCDD25C6C26600E96782 /* Preview Assets.xcassets */ = {isa = PBXFileReference; lastKnownFileType = folder.assetcatalog; path = "Preview Assets.xcassets"; sourceTree = "<group>"; };
		5217FCDF25C6C26600E96782 /* Info.plist */ = {isa = PBXFileReference; lastKnownFileType = text.plist.xml; path = Info.plist; sourceTree = "<group>"; };
		5217FCE625C6C44200E96782 /* GoogleService-Info.plist */ = {isa = PBXFileReference; fileEncoding = 4; lastKnownFileType = text.plist.xml; path = "GoogleService-Info.plist"; sourceTree = "<group>"; };
		5217FCF525C6C7A000E96782 /* Question.swift */ = {isa = PBXFileReference; lastKnownFileType = sourcecode.swift; path = Question.swift; sourceTree = "<group>"; };
		5217FCF925C6C86700E96782 /* QuestionViewModel.swift */ = {isa = PBXFileReference; lastKnownFileType = sourcecode.swift; path = QuestionViewModel.swift; sourceTree = "<group>"; };
		5217FCFC25C6C97600E96782 /* Home.swift */ = {isa = PBXFileReference; lastKnownFileType = sourcecode.swift; path = Home.swift; sourceTree = "<group>"; };
		5217FCFF25C6DEC400E96782 /* QA.swift */ = {isa = PBXFileReference; lastKnownFileType = sourcecode.swift; path = QA.swift; sourceTree = "<group>"; };
		5217FD0225C6E47A00E96782 /* QuestionView.swift */ = {isa = PBXFileReference; lastKnownFileType = sourcecode.swift; path = QuestionView.swift; sourceTree = "<group>"; };
/* End PBXFileReference section */

/* Begin PBXFrameworksBuildPhase section */
		5217FCD025C6C26500E96782 /* Frameworks */ = {
			isa = PBXFrameworksBuildPhase;
			buildActionMask = 2147483647;
			files = (
				5217FCEC25C6C5BB00E96782 /* FirebaseFirestore in Frameworks */,
				5217FCF025C6C5E400E96782 /* FirebaseFirestoreSwift-Beta in Frameworks */,
			);
			runOnlyForDeploymentPostprocessing = 0;
		};
/* End PBXFrameworksBuildPhase section */

/* Begin PBXGroup section */
		5217FCCA25C6C26500E96782 = {
			isa = PBXGroup;
			children = (
				5217FCD525C6C26500E96782 /* QuizFirebaseFirestore */,
				5217FCD425C6C26500E96782 /* Products */,
				5217FCEE25C6C5E400E96782 /* Frameworks */,
			);
			sourceTree = "<group>";
		};
		5217FCD425C6C26500E96782 /* Products */ = {
			isa = PBXGroup;
			children = (
				5217FCD325C6C26500E96782 /* QuizFirebaseFirestore.app */,
			);
			name = Products;
			sourceTree = "<group>";
		};
		5217FCD525C6C26500E96782 /* QuizFirebaseFirestore */ = {
			isa = PBXGroup;
			children = (
				5217FCF425C6C78200E96782 /* Model */,
				5217FCF325C6C77C00E96782 /* ViewModel */,
				5217FCF225C6C77700E96782 /* View */,
				5217FCE625C6C44200E96782 /* GoogleService-Info.plist */,
				5217FCD625C6C26500E96782 /* QuizFirebaseFirestoreApp.swift */,
				5217FCD825C6C26500E96782 /* ContentView.swift */,
				5217FCDA25C6C26600E96782 /* Assets.xcassets */,
				5217FCDF25C6C26600E96782 /* Info.plist */,
				5217FCDC25C6C26600E96782 /* Preview Content */,
			);
			path = QuizFirebaseFirestore;
			sourceTree = "<group>";
		};
		5217FCDC25C6C26600E96782 /* Preview Content */ = {
			isa = PBXGroup;
			children = (
				5217FCDD25C6C26600E96782 /* Preview Assets.xcassets */,
			);
			path = "Preview Content";
			sourceTree = "<group>";
		};
		5217FCEE25C6C5E400E96782 /* Frameworks */ = {
			isa = PBXGroup;
			children = (
			);
			name = Frameworks;
			sourceTree = "<group>";
		};
		5217FCF225C6C77700E96782 /* View */ = {
			isa = PBXGroup;
			children = (
				5217FCFC25C6C97600E96782 /* Home.swift */,
				5217FCFF25C6DEC400E96782 /* QA.swift */,
				5217FD0225C6E47A00E96782 /* QuestionView.swift */,
			);
			path = View;
			sourceTree = "<group>";
		};
		5217FCF325C6C77C00E96782 /* ViewModel */ = {
			isa = PBXGroup;
			children = (
				5217FCF925C6C86700E96782 /* QuestionViewModel.swift */,
			);
			path = ViewModel;
			sourceTree = "<group>";
		};
		5217FCF425C6C78200E96782 /* Model */ = {
			isa = PBXGroup;
			children = (
				5217FCF525C6C7A000E96782 /* Question.swift */,
			);
			path = Model;
			sourceTree = "<group>";
		};
/* End PBXGroup section */

/* Begin PBXNativeTarget section */
		5217FCD225C6C26500E96782 /* QuizFirebaseFirestore */ = {
			isa = PBXNativeTarget;
			buildConfigurationList = 5217FCE225C6C26600E96782 /* Build configuration list for PBXNativeTarget "QuizFirebaseFirestore" */;
			buildPhases = (
				5217FCCF25C6C26500E96782 /* Sources */,
				5217FCD025C6C26500E96782 /* Frameworks */,
				5217FCD125C6C26500E96782 /* Resources */,
			);
			buildRules = (
			);
			dependencies = (
			);
			name = QuizFirebaseFirestore;
			packageProductDependencies = (
				5217FCEB25C6C5BB00E96782 /* FirebaseFirestore */,
				5217FCEF25C6C5E400E96782 /* FirebaseFirestoreSwift-Beta */,
			);
			productName = QuizFirebaseFirestore;
			productReference = 5217FCD325C6C26500E96782 /* QuizFirebaseFirestore.app */;
			productType = "com.apple.product-type.application";
		};
/* End PBXNativeTarget section */

/* Begin PBXProject section */
		5217FCCB25C6C26500E96782 /* Project object */ = {
			isa = PBXProject;
			attributes = {
				LastSwiftUpdateCheck = 1230;
				LastUpgradeCheck = 1230;
				TargetAttributes = {
					5217FCD225C6C26500E96782 = {
						CreatedOnToolsVersion = 12.3;
					};
				};
			};
			buildConfigurationList = 5217FCCE25C6C26500E96782 /* Build configuration list for PBXProject "QuizFirebaseFirestore" */;
			compatibilityVersion = "Xcode 9.3";
			developmentRegion = en;
			hasScannedForEncodings = 0;
			knownRegions = (
				en,
				Base,
			);
			mainGroup = 5217FCCA25C6C26500E96782;
			packageReferences = (
				5217FCEA25C6C5BB00E96782 /* XCRemoteSwiftPackageReference "firebase-ios-sdk" */,
			);
			productRefGroup = 5217FCD425C6C26500E96782 /* Products */;
			projectDirPath = "";
			projectRoot = "";
			targets = (
				5217FCD225C6C26500E96782 /* QuizFirebaseFirestore */,
			);
		};
/* End PBXProject section */

/* Begin PBXResourcesBuildPhase section */
		5217FCD125C6C26500E96782 /* Resources */ = {
			isa = PBXResourcesBuildPhase;
			buildActionMask = 2147483647;
			files = (
				5217FCDE25C6C26600E96782 /* Preview Assets.xcassets in Resources */,
				5217FCE725C6C44200E96782 /* GoogleService-Info.plist in Resources */,
				5217FCDB25C6C26600E96782 /* Assets.xcassets in Resources */,
			);
			runOnlyForDeploymentPostprocessing = 0;
		};
/* End PBXResourcesBuildPhase section */

/* Begin PBXSourcesBuildPhase section */
		5217FCCF25C6C26500E96782 /* Sources */ = {
			isa = PBXSourcesBuildPhase;
			buildActionMask = 2147483647;
			files = (
				5217FCF625C6C7A000E96782 /* Question.swift in Sources */,
				5217FCD925C6C26500E96782 /* ContentView.swift in Sources */,
				5217FCFD25C6C97600E96782 /* Home.swift in Sources */,
				5217FD0325C6E47A00E96782 /* QuestionView.swift in Sources */,
				5217FCFA25C6C86700E96782 /* QuestionViewModel.swift in Sources */,
				5217FCD725C6C26500E96782 /* QuizFirebaseFirestoreApp.swift in Sources */,
				5217FD0025C6DEC400E96782 /* QA.swift in Sources */,
			);
			runOnlyForDeploymentPostprocessing = 0;
		};
/* End PBXSourcesBuildPhase section */

/* Begin XCBuildConfiguration section */
		5217FCE025C6C26600E96782 /* Debug */ = {
			isa = XCBuildConfiguration;
			buildSettings = {
				ALWAYS_SEARCH_USER_PATHS = NO;
				CLANG_ANALYZER_NONNULL = YES;
				CLANG_ANALYZER_NUMBER_OBJECT_CONVERSION = YES_AGGRESSIVE;
				CLANG_CXX_LANGUAGE_STANDARD = "gnu++14";
				CLANG_CXX_LIBRARY = "libc++";
				CLANG_ENABLE_MODULES = YES;
				CLANG_ENABLE_OBJC_ARC = YES;
				CLANG_ENABLE_OBJC_WEAK = YES;
				CLANG_WARN_BLOCK_CAPTURE_AUTORELEASING = YES;
				CLANG_WARN_BOOL_CONVERSION = YES;
				CLANG_WARN_COMMA = YES;
				CLANG_WARN_CONSTANT_CONVERSION = YES;
				CLANG_WARN_DEPRECATED_OBJC_IMPLEMENTATIONS = YES;
				CLANG_WARN_DIRECT_OBJC_ISA_USAGE = YES_ERROR;
				CLANG_WARN_DOCUMENTATION_COMMENTS = YES;
				CLANG_WARN_EMPTY_BODY = YES;
				CLANG_WARN_ENUM_CONVERSION = YES;
				CLANG_WARN_INFINITE_RECURSION = YES;
				CLANG_WARN_INT_CONVERSION = YES;
				CLANG_WARN_NON_LITERAL_NULL_CONVERSION = YES;
				CLANG_WARN_OBJC_IMPLICIT_RETAIN_SELF = YES;
				CLANG_WARN_OBJC_LITERAL_CONVERSION = YES;
				CLANG_WARN_OBJC_ROOT_CLASS = YES_ERROR;
				CLANG_WARN_QUOTED_INCLUDE_IN_FRAMEWORK_HEADER = YES;
				CLANG_WARN_RANGE_LOOP_ANALYSIS = YES;
				CLANG_WARN_STRICT_PROTOTYPES = YES;
				CLANG_WARN_SUSPICIOUS_MOVE = YES;
				CLANG_WARN_UNGUARDED_AVAILABILITY = YES_AGGRESSIVE;
				CLANG_WARN_UNREACHABLE_CODE = YES;
				CLANG_WARN__DUPLICATE_METHOD_MATCH = YES;
				COPY_PHASE_STRIP = NO;
				DEBUG_INFORMATION_FORMAT = dwarf;
				ENABLE_STRICT_OBJC_MSGSEND = YES;
				ENABLE_TESTABILITY = YES;
				GCC_C_LANGUAGE_STANDARD = gnu11;
				GCC_DYNAMIC_NO_PIC = NO;
				GCC_NO_COMMON_BLOCKS = YES;
				GCC_OPTIMIZATION_LEVEL = 0;
				GCC_PREPROCESSOR_DEFINITIONS = (
					"DEBUG=1",
					"$(inherited)",
				);
				GCC_WARN_64_TO_32_BIT_CONVERSION = YES;
				GCC_WARN_ABOUT_RETURN_TYPE = YES_ERROR;
				GCC_WARN_UNDECLARED_SELECTOR = YES;
				GCC_WARN_UNINITIALIZED_AUTOS = YES_AGGRESSIVE;
				GCC_WARN_UNUSED_FUNCTION = YES;
				GCC_WARN_UNUSED_VARIABLE = YES;
				IPHONEOS_DEPLOYMENT_TARGET = 14.3;
				MTL_ENABLE_DEBUG_INFO = INCLUDE_SOURCE;
				MTL_FAST_MATH = YES;
				ONLY_ACTIVE_ARCH = YES;
				SDKROOT = iphoneos;
				SWIFT_ACTIVE_COMPILATION_CONDITIONS = DEBUG;
				SWIFT_OPTIMIZATION_LEVEL = "-Onone";
			};
			name = Debug;
		};
		5217FCE125C6C26600E96782 /* Release */ = {
			isa = XCBuildConfiguration;
			buildSettings = {
				ALWAYS_SEARCH_USER_PATHS = NO;
				CLANG_ANALYZER_NONNULL = YES;
				CLANG_ANALYZER_NUMBER_OBJECT_CONVERSION = YES_AGGRESSIVE;
				CLANG_CXX_LANGUAGE_STANDARD = "gnu++14";
				CLANG_CXX_LIBRARY = "libc++";
				CLANG_ENABLE_MODULES = YES;
				CLANG_ENABLE_OBJC_ARC = YES;
				CLANG_ENABLE_OBJC_WEAK = YES;
				CLANG_WARN_BLOCK_CAPTURE_AUTORELEASING = YES;
				CLANG_WARN_BOOL_CONVERSION = YES;
				CLANG_WARN_COMMA = YES;
				CLANG_WARN_CONSTANT_CONVERSION = YES;
				CLANG_WARN_DEPRECATED_OBJC_IMPLEMENTATIONS = YES;
				CLANG_WARN_DIRECT_OBJC_ISA_USAGE = YES_ERROR;
				CLANG_WARN_DOCUMENTATION_COMMENTS = YES;
				CLANG_WARN_EMPTY_BODY = YES;
				CLANG_WARN_ENUM_CONVERSION = YES;
				CLANG_WARN_INFINITE_RECURSION = YES;
				CLANG_WARN_INT_CONVERSION = YES;
				CLANG_WARN_NON_LITERAL_NULL_CONVERSION = YES;
				CLANG_WARN_OBJC_IMPLICIT_RETAIN_SELF = YES;
				CLANG_WARN_OBJC_LITERAL_CONVERSION = YES;
				CLANG_WARN_OBJC_ROOT_CLASS = YES_ERROR;
				CLANG_WARN_QUOTED_INCLUDE_IN_FRAMEWORK_HEADER = YES;
				CLANG_WARN_RANGE_LOOP_ANALYSIS = YES;
				CLANG_WARN_STRICT_PROTOTYPES = YES;
				CLANG_WARN_SUSPICIOUS_MOVE = YES;
				CLANG_WARN_UNGUARDED_AVAILABILITY = YES_AGGRESSIVE;
				CLANG_WARN_UNREACHABLE_CODE = YES;
				CLANG_WARN__DUPLICATE_METHOD_MATCH = YES;
				COPY_PHASE_STRIP = NO;
				DEBUG_INFORMATION_FORMAT = "dwarf-with-dsym";
				ENABLE_NS_ASSERTIONS = NO;
				ENABLE_STRICT_OBJC_MSGSEND = YES;
				GCC_C_LANGUAGE_STANDARD = gnu11;
				GCC_NO_COMMON_BLOCKS = YES;
				GCC_WARN_64_TO_32_BIT_CONVERSION = YES;
				GCC_WARN_ABOUT_RETURN_TYPE = YES_ERROR;
				GCC_WARN_UNDECLARED_SELECTOR = YES;
				GCC_WARN_UNINITIALIZED_AUTOS = YES_AGGRESSIVE;
				GCC_WARN_UNUSED_FUNCTION = YES;
				GCC_WARN_UNUSED_VARIABLE = YES;
				IPHONEOS_DEPLOYMENT_TARGET = 14.3;
				MTL_ENABLE_DEBUG_INFO = NO;
				MTL_FAST_MATH = YES;
				SDKROOT = iphoneos;
				SWIFT_COMPILATION_MODE = wholemodule;
				SWIFT_OPTIMIZATION_LEVEL = "-O";
				VALIDATE_PRODUCT = YES;
			};
			name = Release;
		};
		5217FCE325C6C26600E96782 /* Debug */ = {
			isa = XCBuildConfiguration;
			buildSettings = {
				ASSETCATALOG_COMPILER_APPICON_NAME = AppIcon;
				ASSETCATALOG_COMPILER_GLOBAL_ACCENT_COLOR_NAME = AccentColor;
				CODE_SIGN_STYLE = Automatic;
				DEVELOPMENT_ASSET_PATHS = "\"QuizFirebaseFirestore/Preview Content\"";
				DEVELOPMENT_TEAM = PM9A36DEYH;
				ENABLE_PREVIEWS = YES;
				INFOPLIST_FILE = QuizFirebaseFirestore/Info.plist;
				IPHONEOS_DEPLOYMENT_TARGET = 14.0;
				LD_RUNPATH_SEARCH_PATHS = (
					"$(inherited)",
					"@executable_path/Frameworks",
				);
				PRODUCT_BUNDLE_IDENTIFIER = com.ginger.QuizFirebaseFirestore;
				PRODUCT_NAME = "$(TARGET_NAME)";
				SWIFT_VERSION = 5.0;
				TARGETED_DEVICE_FAMILY = "1,2";
			};
			name = Debug;
		};
		5217FCE425C6C26600E96782 /* Release */ = {
			isa = XCBuildConfiguration;
			buildSettings = {
				ASSETCATALOG_COMPILER_APPICON_NAME = AppIcon;
				ASSETCATALOG_COMPILER_GLOBAL_ACCENT_COLOR_NAME = AccentColor;
				CODE_SIGN_STYLE = Automatic;
				DEVELOPMENT_ASSET_PATHS = "\"QuizFirebaseFirestore/Preview Content\"";
				DEVELOPMENT_TEAM = PM9A36DEYH;
				ENABLE_PREVIEWS = YES;
				INFOPLIST_FILE = QuizFirebaseFirestore/Info.plist;
				IPHONEOS_DEPLOYMENT_TARGET = 14.0;
				LD_RUNPATH_SEARCH_PATHS = (
					"$(inherited)",
					"@executable_path/Frameworks",
				);
				PRODUCT_BUNDLE_IDENTIFIER = com.ginger.QuizFirebaseFirestore;
				PRODUCT_NAME = "$(TARGET_NAME)";
				SWIFT_VERSION = 5.0;
				TARGETED_DEVICE_FAMILY = "1,2";
			};
			name = Release;
		};
/* End XCBuildConfiguration section */

/* Begin XCConfigurationList section */
		5217FCCE25C6C26500E96782 /* Build configuration list for PBXProject "QuizFirebaseFirestore" */ = {
			isa = XCConfigurationList;
			buildConfigurations = (
				5217FCE025C6C26600E96782 /* Debug */,
				5217FCE125C6C26600E96782 /* Release */,
			);
			defaultConfigurationIsVisible = 0;
			defaultConfigurationName = Release;
		};
		5217FCE225C6C26600E96782 /* Build configuration list for PBXNativeTarget "QuizFirebaseFirestore" */ = {
			isa = XCConfigurationList;
			buildConfigurations = (
				5217FCE325C6C26600E96782 /* Debug */,
				5217FCE425C6C26600E96782 /* Release */,
			);
			defaultConfigurationIsVisible = 0;
			defaultConfigurationName = Release;
		};
/* End XCConfigurationList section */

/* Begin XCRemoteSwiftPackageReference section */
		5217FCEA25C6C5BB00E96782 /* XCRemoteSwiftPackageReference "firebase-ios-sdk" */ = {
			isa = XCRemoteSwiftPackageReference;
			repositoryURL = "https://github.com/firebase/firebase-ios-sdk.git";
			requirement = {
				kind = upToNextMajorVersion;
				minimumVersion = 7.5.1;
			};
		};
/* End XCRemoteSwiftPackageReference section */

/* Begin XCSwiftPackageProductDependency section */
		5217FCEB25C6C5BB00E96782 /* FirebaseFirestore */ = {
			isa = XCSwiftPackageProductDependency;
			package = 5217FCEA25C6C5BB00E96782 /* XCRemoteSwiftPackageReference "firebase-ios-sdk" */;
			productName = FirebaseFirestore;
		};
		5217FCEF25C6C5E400E96782 /* FirebaseFirestoreSwift-Beta */ = {
			isa = XCSwiftPackageProductDependency;
			package = 5217FCEA25C6C5BB00E96782 /* XCRemoteSwiftPackageReference "firebase-ios-sdk" */;
			productName = "FirebaseFirestoreSwift-Beta";
		};
/* End XCSwiftPackageProductDependency section */
	};
	rootObject = 5217FCCB25C6C26500E96782 /* Project object */;
}
