// !$*UTF8*$!
{
	archiveVersion = 1;
	classes = {
	};
	objectVersion = 52;
	objects = {

/* Begin PBXBuildFile section */
		529E7CD52595BFF700DB8F82 /* FirebaseSPMApp.swift in Sources */ = {isa = PBXBuildFile; fileRef = 529E7CD42595BFF700DB8F82 /* FirebaseSPMApp.swift */; };
		529E7CD72595BFF700DB8F82 /* ContentView.swift in Sources */ = {isa = PBXBuildFile; fileRef = 529E7CD62595BFF700DB8F82 /* ContentView.swift */; };
		529E7CD92595BFF700DB8F82 /* Assets.xcassets in Resources */ = {isa = PBXBuildFile; fileRef = 529E7CD82595BFF700DB8F82 /* Assets.xcassets */; };
		529E7CDC2595BFF700DB8F82 /* Preview Assets.xcassets in Resources */ = {isa = PBXBuildFile; fileRef = 529E7CDB2595BFF700DB8F82 /* Preview Assets.xcassets */; };
		529E7CE52595CE2B00DB8F82 /* GoogleService-Info.plist in Resources */ = {isa = PBXBuildFile; fileRef = 529E7CE42595CE2B00DB8F82 /* GoogleService-Info.plist */; };
		529E7CE92595CFD200DB8F82 /* FirebaseFirestore in Frameworks */ = {isa = PBXBuildFile; productRef = 529E7CE82595CFD200DB8F82 /* FirebaseFirestore */; };
		529E7CEB2595CFD200DB8F82 /* FirebaseFirestoreSwift-Beta in Frameworks */ = {isa = PBXBuildFile; productRef = 529E7CEA2595CFD200DB8F82 /* FirebaseFirestoreSwift-Beta */; };
/* End PBXBuildFile section */

/* Begin PBXFileReference section */
		529E7CD12595BFF700DB8F82 /* FirebaseSPM.app */ = {isa = PBXFileReference; explicitFileType = wrapper.application; includeInIndex = 0; path = FirebaseSPM.app; sourceTree = BUILT_PRODUCTS_DIR; };
		529E7CD42595BFF700DB8F82 /* FirebaseSPMApp.swift */ = {isa = PBXFileReference; lastKnownFileType = sourcecode.swift; path = FirebaseSPMApp.swift; sourceTree = "<group>"; };
		529E7CD62595BFF700DB8F82 /* ContentView.swift */ = {isa = PBXFileReference; lastKnownFileType = sourcecode.swift; path = ContentView.swift; sourceTree = "<group>"; };
		529E7CD82595BFF700DB8F82 /* Assets.xcassets */ = {isa = PBXFileReference; lastKnownFileType = folder.assetcatalog; path = Assets.xcassets; sourceTree = "<group>"; };
		529E7CDB2595BFF700DB8F82 /* Preview Assets.xcassets */ = {isa = PBXFileReference; lastKnownFileType = folder.assetcatalog; path = "Preview Assets.xcassets"; sourceTree = "<group>"; };
		529E7CDD2595BFF700DB8F82 /* Info.plist */ = {isa = PBXFileReference; lastKnownFileType = text.plist.xml; path = Info.plist; sourceTree = "<group>"; };
		529E7CE42595CE2B00DB8F82 /* GoogleService-Info.plist */ = {isa = PBXFileReference; fileEncoding = 4; lastKnownFileType = text.plist.xml; path = "GoogleService-Info.plist"; sourceTree = "<group>"; };
/* End PBXFileReference section */

/* Begin PBXFrameworksBuildPhase section */
		529E7CCE2595BFF700DB8F82 /* Frameworks */ = {
			isa = PBXFrameworksBuildPhase;
			buildActionMask = 2147483647;
			files = (
				529E7CE92595CFD200DB8F82 /* FirebaseFirestore in Frameworks */,
				529E7CEB2595CFD200DB8F82 /* FirebaseFirestoreSwift-Beta in Frameworks */,
			);
			runOnlyForDeploymentPostprocessing = 0;
		};
/* End PBXFrameworksBuildPhase section */

/* Begin PBXGroup section */
		529E7CC82595BFF700DB8F82 = {
			isa = PBXGroup;
			children = (
				529E7CE42595CE2B00DB8F82 /* GoogleService-Info.plist */,
				529E7CD32595BFF700DB8F82 /* FirebaseSPM */,
				529E7CD22595BFF700DB8F82 /* Products */,
			);
			sourceTree = "<group>";
		};
		529E7CD22595BFF700DB8F82 /* Products */ = {
			isa = PBXGroup;
			children = (
				529E7CD12595BFF700DB8F82 /* FirebaseSPM.app */,
			);
			name = Products;
			sourceTree = "<group>";
		};
		529E7CD32595BFF700DB8F82 /* FirebaseSPM */ = {
			isa = PBXGroup;
			children = (
				529E7CD42595BFF700DB8F82 /* FirebaseSPMApp.swift */,
				529E7CD62595BFF700DB8F82 /* ContentView.swift */,
				529E7CD82595BFF700DB8F82 /* Assets.xcassets */,
				529E7CDD2595BFF700DB8F82 /* Info.plist */,
				529E7CDA2595BFF700DB8F82 /* Preview Content */,
			);
			path = FirebaseSPM;
			sourceTree = "<group>";
		};
		529E7CDA2595BFF700DB8F82 /* Preview Content */ = {
			isa = PBXGroup;
			children = (
				529E7CDB2595BFF700DB8F82 /* Preview Assets.xcassets */,
			);
			path = "Preview Content";
			sourceTree = "<group>";
		};
/* End PBXGroup section */

/* Begin PBXNativeTarget section */
		529E7CD02595BFF700DB8F82 /* FirebaseSPM */ = {
			isa = PBXNativeTarget;
			buildConfigurationList = 529E7CE02595BFF700DB8F82 /* Build configuration list for PBXNativeTarget "FirebaseSPM" */;
			buildPhases = (
				529E7CCD2595BFF700DB8F82 /* Sources */,
				529E7CCE2595BFF700DB8F82 /* Frameworks */,
				529E7CCF2595BFF700DB8F82 /* Resources */,
			);
			buildRules = (
			);
			dependencies = (
			);
			name = FirebaseSPM;
			packageProductDependencies = (
				529E7CE82595CFD200DB8F82 /* FirebaseFirestore */,
				529E7CEA2595CFD200DB8F82 /* FirebaseFirestoreSwift-Beta */,
			);
			productName = FirebaseSPM;
			productReference = 529E7CD12595BFF700DB8F82 /* FirebaseSPM.app */;
			productType = "com.apple.product-type.application";
		};
/* End PBXNativeTarget section */

/* Begin PBXProject section */
		529E7CC92595BFF700DB8F82 /* Project object */ = {
			isa = PBXProject;
			attributes = {
				LastSwiftUpdateCheck = 1230;
				LastUpgradeCheck = 1230;
				TargetAttributes = {
					529E7CD02595BFF700DB8F82 = {
						CreatedOnToolsVersion = 12.3;
					};
				};
			};
			buildConfigurationList = 529E7CCC2595BFF700DB8F82 /* Build configuration list for PBXProject "FirebaseSPM" */;
			compatibilityVersion = "Xcode 9.3";
			developmentRegion = en;
			hasScannedForEncodings = 0;
			knownRegions = (
				en,
				Base,
			);
			mainGroup = 529E7CC82595BFF700DB8F82;
			packageReferences = (
				529E7CE72595CFD200DB8F82 /* XCRemoteSwiftPackageReference "firebase-ios-sdk" */,
			);
			productRefGroup = 529E7CD22595BFF700DB8F82 /* Products */;
			projectDirPath = "";
			projectRoot = "";
			targets = (
				529E7CD02595BFF700DB8F82 /* FirebaseSPM */,
			);
		};
/* End PBXProject section */

/* Begin PBXResourcesBuildPhase section */
		529E7CCF2595BFF700DB8F82 /* Resources */ = {
			isa = PBXResourcesBuildPhase;
			buildActionMask = 2147483647;
			files = (
				529E7CDC2595BFF700DB8F82 /* Preview Assets.xcassets in Resources */,
				529E7CD92595BFF700DB8F82 /* Assets.xcassets in Resources */,
				529E7CE52595CE2B00DB8F82 /* GoogleService-Info.plist in Resources */,
			);
			runOnlyForDeploymentPostprocessing = 0;
		};
/* End PBXResourcesBuildPhase section */

/* Begin PBXSourcesBuildPhase section */
		529E7CCD2595BFF700DB8F82 /* Sources */ = {
			isa = PBXSourcesBuildPhase;
			buildActionMask = 2147483647;
			files = (
				529E7CD72595BFF700DB8F82 /* ContentView.swift in Sources */,
				529E7CD52595BFF700DB8F82 /* FirebaseSPMApp.swift in Sources */,
			);
			runOnlyForDeploymentPostprocessing = 0;
		};
/* End PBXSourcesBuildPhase section */

/* Begin XCBuildConfiguration section */
		529E7CDE2595BFF700DB8F82 /* Debug */ = {
			isa = XCBuildConfiguration;
			buildSettings = {
				ALWAYS_SEARCH_USER_PATHS = NO;
				CLANG_ANALYZER_NONNULL = YES;
				CLANG_ANALYZER_NUMBER_OBJECT_CONVERSION = YES_AGGRESSIVE;
				CLANG_CXX_LANGUAGE_STANDARD = "gnu++14";
				CLANG_CXX_LIBRARY = "libc++";
				CLANG_ENABLE_MODULES = YES;
				CLANG_ENABLE_OBJC_ARC = YES;
				CLANG_ENABLE_OBJC_WEAK = YES;
				CLANG_WARN_BLOCK_CAPTURE_AUTORELEASING = YES;
				CLANG_WARN_BOOL_CONVERSION = YES;
				CLANG_WARN_COMMA = YES;
				CLANG_WARN_CONSTANT_CONVERSION = YES;
				CLANG_WARN_DEPRECATED_OBJC_IMPLEMENTATIONS = YES;
				CLANG_WARN_DIRECT_OBJC_ISA_USAGE = YES_ERROR;
				CLANG_WARN_DOCUMENTATION_COMMENTS = YES;
				CLANG_WARN_EMPTY_BODY = YES;
				CLANG_WARN_ENUM_CONVERSION = YES;
				CLANG_WARN_INFINITE_RECURSION = YES;
				CLANG_WARN_INT_CONVERSION = YES;
				CLANG_WARN_NON_LITERAL_NULL_CONVERSION = YES;
				CLANG_WARN_OBJC_IMPLICIT_RETAIN_SELF = YES;
				CLANG_WARN_OBJC_LITERAL_CONVERSION = YES;
				CLANG_WARN_OBJC_ROOT_CLASS = YES_ERROR;
				CLANG_WARN_QUOTED_INCLUDE_IN_FRAMEWORK_HEADER = YES;
				CLANG_WARN_RANGE_LOOP_ANALYSIS = YES;
				CLANG_WARN_STRICT_PROTOTYPES = YES;
				CLANG_WARN_SUSPICIOUS_MOVE = YES;
				CLANG_WARN_UNGUARDED_AVAILABILITY = YES_AGGRESSIVE;
				CLANG_WARN_UNREACHABLE_CODE = YES;
				CLANG_WARN__DUPLICATE_METHOD_MATCH = YES;
				COPY_PHASE_STRIP = NO;
				DEBUG_INFORMATION_FORMAT = dwarf;
				ENABLE_STRICT_OBJC_MSGSEND = YES;
				ENABLE_TESTABILITY = YES;
				GCC_C_LANGUAGE_STANDARD = gnu11;
				GCC_DYNAMIC_NO_PIC = NO;
				GCC_NO_COMMON_BLOCKS = YES;
				GCC_OPTIMIZATION_LEVEL = 0;
				GCC_PREPROCESSOR_DEFINITIONS = (
					"DEBUG=1",
					"$(inherited)",
				);
				GCC_WARN_64_TO_32_BIT_CONVERSION = YES;
				GCC_WARN_ABOUT_RETURN_TYPE = YES_ERROR;
				GCC_WARN_UNDECLARED_SELECTOR = YES;
				GCC_WARN_UNINITIALIZED_AUTOS = YES_AGGRESSIVE;
				GCC_WARN_UNUSED_FUNCTION = YES;
				GCC_WARN_UNUSED_VARIABLE = YES;
				IPHONEOS_DEPLOYMENT_TARGET = 14.3;
				MTL_ENABLE_DEBUG_INFO = INCLUDE_SOURCE;
				MTL_FAST_MATH = YES;
				ONLY_ACTIVE_ARCH = YES;
				SDKROOT = iphoneos;
				SWIFT_ACTIVE_COMPILATION_CONDITIONS = DEBUG;
				SWIFT_OPTIMIZATION_LEVEL = "-Onone";
			};
			name = Debug;
		};
		529E7CDF2595BFF700DB8F82 /* Release */ = {
			isa = XCBuildConfiguration;
			buildSettings = {
				ALWAYS_SEARCH_USER_PATHS = NO;
				CLANG_ANALYZER_NONNULL = YES;
				CLANG_ANALYZER_NUMBER_OBJECT_CONVERSION = YES_AGGRESSIVE;
				CLANG_CXX_LANGUAGE_STANDARD = "gnu++14";
				CLANG_CXX_LIBRARY = "libc++";
				CLANG_ENABLE_MODULES = YES;
				CLANG_ENABLE_OBJC_ARC = YES;
				CLANG_ENABLE_OBJC_WEAK = YES;
				CLANG_WARN_BLOCK_CAPTURE_AUTORELEASING = YES;
				CLANG_WARN_BOOL_CONVERSION = YES;
				CLANG_WARN_COMMA = YES;
				CLANG_WARN_CONSTANT_CONVERSION = YES;
				CLANG_WARN_DEPRECATED_OBJC_IMPLEMENTATIONS = YES;
				CLANG_WARN_DIRECT_OBJC_ISA_USAGE = YES_ERROR;
				CLANG_WARN_DOCUMENTATION_COMMENTS = YES;
				CLANG_WARN_EMPTY_BODY = YES;
				CLANG_WARN_ENUM_CONVERSION = YES;
				CLANG_WARN_INFINITE_RECURSION = YES;
				CLANG_WARN_INT_CONVERSION = YES;
				CLANG_WARN_NON_LITERAL_NULL_CONVERSION = YES;
				CLANG_WARN_OBJC_IMPLICIT_RETAIN_SELF = YES;
				CLANG_WARN_OBJC_LITERAL_CONVERSION = YES;
				CLANG_WARN_OBJC_ROOT_CLASS = YES_ERROR;
				CLANG_WARN_QUOTED_INCLUDE_IN_FRAMEWORK_HEADER = YES;
				CLANG_WARN_RANGE_LOOP_ANALYSIS = YES;
				CLANG_WARN_STRICT_PROTOTYPES = YES;
				CLANG_WARN_SUSPICIOUS_MOVE = YES;
				CLANG_WARN_UNGUARDED_AVAILABILITY = YES_AGGRESSIVE;
				CLANG_WARN_UNREACHABLE_CODE = YES;
				CLANG_WARN__DUPLICATE_METHOD_MATCH = YES;
				COPY_PHASE_STRIP = NO;
				DEBUG_INFORMATION_FORMAT = "dwarf-with-dsym";
				ENABLE_NS_ASSERTIONS = NO;
				ENABLE_STRICT_OBJC_MSGSEND = YES;
				GCC_C_LANGUAGE_STANDARD = gnu11;
				GCC_NO_COMMON_BLOCKS = YES;
				GCC_WARN_64_TO_32_BIT_CONVERSION = YES;
				GCC_WARN_ABOUT_RETURN_TYPE = YES_ERROR;
				GCC_WARN_UNDECLARED_SELECTOR = YES;
				GCC_WARN_UNINITIALIZED_AUTOS = YES_AGGRESSIVE;
				GCC_WARN_UNUSED_FUNCTION = YES;
				GCC_WARN_UNUSED_VARIABLE = YES;
				IPHONEOS_DEPLOYMENT_TARGET = 14.3;
				MTL_ENABLE_DEBUG_INFO = NO;
				MTL_FAST_MATH = YES;
				SDKROOT = iphoneos;
				SWIFT_COMPILATION_MODE = wholemodule;
				SWIFT_OPTIMIZATION_LEVEL = "-O";
				VALIDATE_PRODUCT = YES;
			};
			name = Release;
		};
		529E7CE12595BFF700DB8F82 /* Debug */ = {
			isa = XCBuildConfiguration;
			buildSettings = {
				ASSETCATALOG_COMPILER_APPICON_NAME = AppIcon;
				ASSETCATALOG_COMPILER_GLOBAL_ACCENT_COLOR_NAME = AccentColor;
				CODE_SIGN_STYLE = Automatic;
				DEVELOPMENT_ASSET_PATHS = "\"FirebaseSPM/Preview Content\"";
				DEVELOPMENT_TEAM = PM9A36DEYH;
				ENABLE_PREVIEWS = YES;
				INFOPLIST_FILE = FirebaseSPM/Info.plist;
				IPHONEOS_DEPLOYMENT_TARGET = 14.0;
				LD_RUNPATH_SEARCH_PATHS = (
					"$(inherited)",
					"@executable_path/Frameworks",
				);
				PRODUCT_BUNDLE_IDENTIFIER = com.ginger.FirebaseSPM;
				PRODUCT_NAME = "$(TARGET_NAME)";
				SWIFT_VERSION = 5.0;
				TARGETED_DEVICE_FAMILY = "1,2";
			};
			name = Debug;
		};
		529E7CE22595BFF700DB8F82 /* Release */ = {
			isa = XCBuildConfiguration;
			buildSettings = {
				ASSETCATALOG_COMPILER_APPICON_NAME = AppIcon;
				ASSETCATALOG_COMPILER_GLOBAL_ACCENT_COLOR_NAME = AccentColor;
				CODE_SIGN_STYLE = Automatic;
				DEVELOPMENT_ASSET_PATHS = "\"FirebaseSPM/Preview Content\"";
				DEVELOPMENT_TEAM = PM9A36DEYH;
				ENABLE_PREVIEWS = YES;
				INFOPLIST_FILE = FirebaseSPM/Info.plist;
				IPHONEOS_DEPLOYMENT_TARGET = 14.0;
				LD_RUNPATH_SEARCH_PATHS = (
					"$(inherited)",
					"@executable_path/Frameworks",
				);
				PRODUCT_BUNDLE_IDENTIFIER = com.ginger.FirebaseSPM;
				PRODUCT_NAME = "$(TARGET_NAME)";
				SWIFT_VERSION = 5.0;
				TARGETED_DEVICE_FAMILY = "1,2";
			};
			name = Release;
		};
/* End XCBuildConfiguration section */

/* Begin XCConfigurationList section */
		529E7CCC2595BFF700DB8F82 /* Build configuration list for PBXProject "FirebaseSPM" */ = {
			isa = XCConfigurationList;
			buildConfigurations = (
				529E7CDE2595BFF700DB8F82 /* Debug */,
				529E7CDF2595BFF700DB8F82 /* Release */,
			);
			defaultConfigurationIsVisible = 0;
			defaultConfigurationName = Release;
		};
		529E7CE02595BFF700DB8F82 /* Build configuration list for PBXNativeTarget "FirebaseSPM" */ = {
			isa = XCConfigurationList;
			buildConfigurations = (
				529E7CE12595BFF700DB8F82 /* Debug */,
				529E7CE22595BFF700DB8F82 /* Release */,
			);
			defaultConfigurationIsVisible = 0;
			defaultConfigurationName = Release;
		};
/* End XCConfigurationList section */

/* Begin XCRemoteSwiftPackageReference section */
		529E7CE72595CFD200DB8F82 /* XCRemoteSwiftPackageReference "firebase-ios-sdk" */ = {
			isa = XCRemoteSwiftPackageReference;
			repositoryURL = "https://github.com/firebase/firebase-ios-sdk.git";
			requirement = {
				kind = upToNextMajorVersion;
				minimumVersion = 7.3.1;
			};
		};
/* End XCRemoteSwiftPackageReference section */

/* Begin XCSwiftPackageProductDependency section */
		529E7CE82595CFD200DB8F82 /* FirebaseFirestore */ = {
			isa = XCSwiftPackageProductDependency;
			package = 529E7CE72595CFD200DB8F82 /* XCRemoteSwiftPackageReference "firebase-ios-sdk" */;
			productName = FirebaseFirestore;
		};
		529E7CEA2595CFD200DB8F82 /* FirebaseFirestoreSwift-Beta */ = {
			isa = XCSwiftPackageProductDependency;
			package = 529E7CE72595CFD200DB8F82 /* XCRemoteSwiftPackageReference "firebase-ios-sdk" */;
			productName = "FirebaseFirestoreSwift-Beta";
		};
/* End XCSwiftPackageProductDependency section */
	};
	rootObject = 529E7CC92595BFF700DB8F82 /* Project object */;
}
