// !$*UTF8*$!
{
	archiveVersion = 1;
	classes = {
	};
	objectVersion = 50;
	objects = {

/* Begin PBXBuildFile section */
		52ED16C025AC739400CA775D /* SearchBarPaginationApp.swift in Sources */ = {isa = PBXBuildFile; fileRef = 52ED16BF25AC739400CA775D /* SearchBarPaginationApp.swift */; };
		52ED16C225AC739400CA775D /* ContentView.swift in Sources */ = {isa = PBXBuildFile; fileRef = 52ED16C125AC739400CA775D /* ContentView.swift */; };
		52ED16C425AC739500CA775D /* Assets.xcassets in Resources */ = {isa = PBXBuildFile; fileRef = 52ED16C325AC739500CA775D /* Assets.xcassets */; };
		52ED16C725AC739500CA775D /* Preview Assets.xcassets in Resources */ = {isa = PBXBuildFile; fileRef = 52ED16C625AC739500CA775D /* Preview Assets.xcassets */; };
		52ED16D325AC73E000CA775D /* Home.swift in Sources */ = {isa = PBXBuildFile; fileRef = 52ED16D225AC73E000CA775D /* Home.swift */; };
		52ED16D625AC744100CA775D /* User.swift in Sources */ = {isa = PBXBuildFile; fileRef = 52ED16D525AC744100CA775D /* User.swift */; };
		52ED16D925AC75A500CA775D /* SearchUser.swift in Sources */ = {isa = PBXBuildFile; fileRef = 52ED16D825AC75A500CA775D /* SearchUser.swift */; };
		52ED16DC25AC760700CA775D /* CustomSearchBar.swift in Sources */ = {isa = PBXBuildFile; fileRef = 52ED16DB25AC760700CA775D /* CustomSearchBar.swift */; };
/* End PBXBuildFile section */

/* Begin PBXFileReference section */
		52ED16BC25AC739400CA775D /* SearchBarPagination.app */ = {isa = PBXFileReference; explicitFileType = wrapper.application; includeInIndex = 0; path = SearchBarPagination.app; sourceTree = BUILT_PRODUCTS_DIR; };
		52ED16BF25AC739400CA775D /* SearchBarPaginationApp.swift */ = {isa = PBXFileReference; lastKnownFileType = sourcecode.swift; path = SearchBarPaginationApp.swift; sourceTree = "<group>"; };
		52ED16C125AC739400CA775D /* ContentView.swift */ = {isa = PBXFileReference; lastKnownFileType = sourcecode.swift; path = ContentView.swift; sourceTree = "<group>"; };
		52ED16C325AC739500CA775D /* Assets.xcassets */ = {isa = PBXFileReference; lastKnownFileType = folder.assetcatalog; path = Assets.xcassets; sourceTree = "<group>"; };
		52ED16C625AC739500CA775D /* Preview Assets.xcassets */ = {isa = PBXFileReference; lastKnownFileType = folder.assetcatalog; path = "Preview Assets.xcassets"; sourceTree = "<group>"; };
		52ED16C825AC739500CA775D /* Info.plist */ = {isa = PBXFileReference; lastKnownFileType = text.plist.xml; path = Info.plist; sourceTree = "<group>"; };
		52ED16D225AC73E000CA775D /* Home.swift */ = {isa = PBXFileReference; lastKnownFileType = sourcecode.swift; path = Home.swift; sourceTree = "<group>"; };
		52ED16D525AC744100CA775D /* User.swift */ = {isa = PBXFileReference; lastKnownFileType = sourcecode.swift; path = User.swift; sourceTree = "<group>"; };
		52ED16D825AC75A500CA775D /* SearchUser.swift */ = {isa = PBXFileReference; lastKnownFileType = sourcecode.swift; path = SearchUser.swift; sourceTree = "<group>"; };
		52ED16DB25AC760700CA775D /* CustomSearchBar.swift */ = {isa = PBXFileReference; lastKnownFileType = sourcecode.swift; path = CustomSearchBar.swift; sourceTree = "<group>"; };
/* End PBXFileReference section */

/* Begin PBXFrameworksBuildPhase section */
		52ED16B925AC739400CA775D /* Frameworks */ = {
			isa = PBXFrameworksBuildPhase;
			buildActionMask = 2147483647;
			files = (
			);
			runOnlyForDeploymentPostprocessing = 0;
		};
/* End PBXFrameworksBuildPhase section */

/* Begin PBXGroup section */
		52ED16B325AC739400CA775D = {
			isa = PBXGroup;
			children = (
				52ED16BE25AC739400CA775D /* SearchBarPagination */,
				52ED16BD25AC739400CA775D /* Products */,
			);
			sourceTree = "<group>";
		};
		52ED16BD25AC739400CA775D /* Products */ = {
			isa = PBXGroup;
			children = (
				52ED16BC25AC739400CA775D /* SearchBarPagination.app */,
			);
			name = Products;
			sourceTree = "<group>";
		};
		52ED16BE25AC739400CA775D /* SearchBarPagination */ = {
			isa = PBXGroup;
			children = (
				52ED16D125AC73CC00CA775D /* ViewModel */,
				52ED16D025AC73C700CA775D /* View */,
				52ED16CF25AC73C300CA775D /* Model */,
				52ED16BF25AC739400CA775D /* SearchBarPaginationApp.swift */,
				52ED16C125AC739400CA775D /* ContentView.swift */,
				52ED16C325AC739500CA775D /* Assets.xcassets */,
				52ED16C825AC739500CA775D /* Info.plist */,
				52ED16C525AC739500CA775D /* Preview Content */,
			);
			path = SearchBarPagination;
			sourceTree = "<group>";
		};
		52ED16C525AC739500CA775D /* Preview Content */ = {
			isa = PBXGroup;
			children = (
				52ED16C625AC739500CA775D /* Preview Assets.xcassets */,
			);
			path = "Preview Content";
			sourceTree = "<group>";
		};
		52ED16CF25AC73C300CA775D /* Model */ = {
			isa = PBXGroup;
			children = (
				52ED16D525AC744100CA775D /* User.swift */,
			);
			path = Model;
			sourceTree = "<group>";
		};
		52ED16D025AC73C700CA775D /* View */ = {
			isa = PBXGroup;
			children = (
				52ED16D225AC73E000CA775D /* Home.swift */,
				52ED16DB25AC760700CA775D /* CustomSearchBar.swift */,
			);
			path = View;
			sourceTree = "<group>";
		};
		52ED16D125AC73CC00CA775D /* ViewModel */ = {
			isa = PBXGroup;
			children = (
				52ED16D825AC75A500CA775D /* SearchUser.swift */,
			);
			path = ViewModel;
			sourceTree = "<group>";
		};
/* End PBXGroup section */

/* Begin PBXNativeTarget section */
		52ED16BB25AC739400CA775D /* SearchBarPagination */ = {
			isa = PBXNativeTarget;
			buildConfigurationList = 52ED16CB25AC739500CA775D /* Build configuration list for PBXNativeTarget "SearchBarPagination" */;
			buildPhases = (
				52ED16B825AC739400CA775D /* Sources */,
				52ED16B925AC739400CA775D /* Frameworks */,
				52ED16BA25AC739400CA775D /* Resources */,
			);
			buildRules = (
			);
			dependencies = (
			);
			name = SearchBarPagination;
			productName = SearchBarPagination;
			productReference = 52ED16BC25AC739400CA775D /* SearchBarPagination.app */;
			productType = "com.apple.product-type.application";
		};
/* End PBXNativeTarget section */

/* Begin PBXProject section */
		52ED16B425AC739400CA775D /* Project object */ = {
			isa = PBXProject;
			attributes = {
				LastSwiftUpdateCheck = 1230;
				LastUpgradeCheck = 1230;
				TargetAttributes = {
					52ED16BB25AC739400CA775D = {
						CreatedOnToolsVersion = 12.3;
					};
				};
			};
			buildConfigurationList = 52ED16B725AC739400CA775D /* Build configuration list for PBXProject "SearchBarPagination" */;
			compatibilityVersion = "Xcode 9.3";
			developmentRegion = en;
			hasScannedForEncodings = 0;
			knownRegions = (
				en,
				Base,
			);
			mainGroup = 52ED16B325AC739400CA775D;
			productRefGroup = 52ED16BD25AC739400CA775D /* Products */;
			projectDirPath = "";
			projectRoot = "";
			targets = (
				52ED16BB25AC739400CA775D /* SearchBarPagination */,
			);
		};
/* End PBXProject section */

/* Begin PBXResourcesBuildPhase section */
		52ED16BA25AC739400CA775D /* Resources */ = {
			isa = PBXResourcesBuildPhase;
			buildActionMask = 2147483647;
			files = (
				52ED16C725AC739500CA775D /* Preview Assets.xcassets in Resources */,
				52ED16C425AC739500CA775D /* Assets.xcassets in Resources */,
			);
			runOnlyForDeploymentPostprocessing = 0;
		};
/* End PBXResourcesBuildPhase section */

/* Begin PBXSourcesBuildPhase section */
		52ED16B825AC739400CA775D /* Sources */ = {
			isa = PBXSourcesBuildPhase;
			buildActionMask = 2147483647;
			files = (
				52ED16D625AC744100CA775D /* User.swift in Sources */,
				52ED16C225AC739400CA775D /* ContentView.swift in Sources */,
				52ED16DC25AC760700CA775D /* CustomSearchBar.swift in Sources */,
				52ED16D325AC73E000CA775D /* Home.swift in Sources */,
				52ED16D925AC75A500CA775D /* SearchUser.swift in Sources */,
				52ED16C025AC739400CA775D /* SearchBarPaginationApp.swift in Sources */,
			);
			runOnlyForDeploymentPostprocessing = 0;
		};
/* End PBXSourcesBuildPhase section */

/* Begin XCBuildConfiguration section */
		52ED16C925AC739500CA775D /* Debug */ = {
			isa = XCBuildConfiguration;
			buildSettings = {
				ALWAYS_SEARCH_USER_PATHS = NO;
				CLANG_ANALYZER_NONNULL = YES;
				CLANG_ANALYZER_NUMBER_OBJECT_CONVERSION = YES_AGGRESSIVE;
				CLANG_CXX_LANGUAGE_STANDARD = "gnu++14";
				CLANG_CXX_LIBRARY = "libc++";
				CLANG_ENABLE_MODULES = YES;
				CLANG_ENABLE_OBJC_ARC = YES;
				CLANG_ENABLE_OBJC_WEAK = YES;
				CLANG_WARN_BLOCK_CAPTURE_AUTORELEASING = YES;
				CLANG_WARN_BOOL_CONVERSION = YES;
				CLANG_WARN_COMMA = YES;
				CLANG_WARN_CONSTANT_CONVERSION = YES;
				CLANG_WARN_DEPRECATED_OBJC_IMPLEMENTATIONS = YES;
				CLANG_WARN_DIRECT_OBJC_ISA_USAGE = YES_ERROR;
				CLANG_WARN_DOCUMENTATION_COMMENTS = YES;
				CLANG_WARN_EMPTY_BODY = YES;
				CLANG_WARN_ENUM_CONVERSION = YES;
				CLANG_WARN_INFINITE_RECURSION = YES;
				CLANG_WARN_INT_CONVERSION = YES;
				CLANG_WARN_NON_LITERAL_NULL_CONVERSION = YES;
				CLANG_WARN_OBJC_IMPLICIT_RETAIN_SELF = YES;
				CLANG_WARN_OBJC_LITERAL_CONVERSION = YES;
				CLANG_WARN_OBJC_ROOT_CLASS = YES_ERROR;
				CLANG_WARN_QUOTED_INCLUDE_IN_FRAMEWORK_HEADER = YES;
				CLANG_WARN_RANGE_LOOP_ANALYSIS = YES;
				CLANG_WARN_STRICT_PROTOTYPES = YES;
				CLANG_WARN_SUSPICIOUS_MOVE = YES;
				CLANG_WARN_UNGUARDED_AVAILABILITY = YES_AGGRESSIVE;
				CLANG_WARN_UNREACHABLE_CODE = YES;
				CLANG_WARN__DUPLICATE_METHOD_MATCH = YES;
				COPY_PHASE_STRIP = NO;
				DEBUG_INFORMATION_FORMAT = dwarf;
				ENABLE_STRICT_OBJC_MSGSEND = YES;
				ENABLE_TESTABILITY = YES;
				GCC_C_LANGUAGE_STANDARD = gnu11;
				GCC_DYNAMIC_NO_PIC = NO;
				GCC_NO_COMMON_BLOCKS = YES;
				GCC_OPTIMIZATION_LEVEL = 0;
				GCC_PREPROCESSOR_DEFINITIONS = (
					"DEBUG=1",
					"$(inherited)",
				);
				GCC_WARN_64_TO_32_BIT_CONVERSION = YES;
				GCC_WARN_ABOUT_RETURN_TYPE = YES_ERROR;
				GCC_WARN_UNDECLARED_SELECTOR = YES;
				GCC_WARN_UNINITIALIZED_AUTOS = YES_AGGRESSIVE;
				GCC_WARN_UNUSED_FUNCTION = YES;
				GCC_WARN_UNUSED_VARIABLE = YES;
				IPHONEOS_DEPLOYMENT_TARGET = 14.3;
				MTL_ENABLE_DEBUG_INFO = INCLUDE_SOURCE;
				MTL_FAST_MATH = YES;
				ONLY_ACTIVE_ARCH = YES;
				SDKROOT = iphoneos;
				SWIFT_ACTIVE_COMPILATION_CONDITIONS = DEBUG;
				SWIFT_OPTIMIZATION_LEVEL = "-Onone";
			};
			name = Debug;
		};
		52ED16CA25AC739500CA775D /* Release */ = {
			isa = XCBuildConfiguration;
			buildSettings = {
				ALWAYS_SEARCH_USER_PATHS = NO;
				CLANG_ANALYZER_NONNULL = YES;
				CLANG_ANALYZER_NUMBER_OBJECT_CONVERSION = YES_AGGRESSIVE;
				CLANG_CXX_LANGUAGE_STANDARD = "gnu++14";
				CLANG_CXX_LIBRARY = "libc++";
				CLANG_ENABLE_MODULES = YES;
				CLANG_ENABLE_OBJC_ARC = YES;
				CLANG_ENABLE_OBJC_WEAK = YES;
				CLANG_WARN_BLOCK_CAPTURE_AUTORELEASING = YES;
				CLANG_WARN_BOOL_CONVERSION = YES;
				CLANG_WARN_COMMA = YES;
				CLANG_WARN_CONSTANT_CONVERSION = YES;
				CLANG_WARN_DEPRECATED_OBJC_IMPLEMENTATIONS = YES;
				CLANG_WARN_DIRECT_OBJC_ISA_USAGE = YES_ERROR;
				CLANG_WARN_DOCUMENTATION_COMMENTS = YES;
				CLANG_WARN_EMPTY_BODY = YES;
				CLANG_WARN_ENUM_CONVERSION = YES;
				CLANG_WARN_INFINITE_RECURSION = YES;
				CLANG_WARN_INT_CONVERSION = YES;
				CLANG_WARN_NON_LITERAL_NULL_CONVERSION = YES;
				CLANG_WARN_OBJC_IMPLICIT_RETAIN_SELF = YES;
				CLANG_WARN_OBJC_LITERAL_CONVERSION = YES;
				CLANG_WARN_OBJC_ROOT_CLASS = YES_ERROR;
				CLANG_WARN_QUOTED_INCLUDE_IN_FRAMEWORK_HEADER = YES;
				CLANG_WARN_RANGE_LOOP_ANALYSIS = YES;
				CLANG_WARN_STRICT_PROTOTYPES = YES;
				CLANG_WARN_SUSPICIOUS_MOVE = YES;
				CLANG_WARN_UNGUARDED_AVAILABILITY = YES_AGGRESSIVE;
				CLANG_WARN_UNREACHABLE_CODE = YES;
				CLANG_WARN__DUPLICATE_METHOD_MATCH = YES;
				COPY_PHASE_STRIP = NO;
				DEBUG_INFORMATION_FORMAT = "dwarf-with-dsym";
				ENABLE_NS_ASSERTIONS = NO;
				ENABLE_STRICT_OBJC_MSGSEND = YES;
				GCC_C_LANGUAGE_STANDARD = gnu11;
				GCC_NO_COMMON_BLOCKS = YES;
				GCC_WARN_64_TO_32_BIT_CONVERSION = YES;
				GCC_WARN_ABOUT_RETURN_TYPE = YES_ERROR;
				GCC_WARN_UNDECLARED_SELECTOR = YES;
				GCC_WARN_UNINITIALIZED_AUTOS = YES_AGGRESSIVE;
				GCC_WARN_UNUSED_FUNCTION = YES;
				GCC_WARN_UNUSED_VARIABLE = YES;
				IPHONEOS_DEPLOYMENT_TARGET = 14.3;
				MTL_ENABLE_DEBUG_INFO = NO;
				MTL_FAST_MATH = YES;
				SDKROOT = iphoneos;
				SWIFT_COMPILATION_MODE = wholemodule;
				SWIFT_OPTIMIZATION_LEVEL = "-O";
				VALIDATE_PRODUCT = YES;
			};
			name = Release;
		};
		52ED16CC25AC739500CA775D /* Debug */ = {
			isa = XCBuildConfiguration;
			buildSettings = {
				ASSETCATALOG_COMPILER_APPICON_NAME = AppIcon;
				ASSETCATALOG_COMPILER_GLOBAL_ACCENT_COLOR_NAME = AccentColor;
				CODE_SIGN_STYLE = Automatic;
				DEVELOPMENT_ASSET_PATHS = "\"SearchBarPagination/Preview Content\"";
				DEVELOPMENT_TEAM = PM9A36DEYH;
				ENABLE_PREVIEWS = YES;
				INFOPLIST_FILE = SearchBarPagination/Info.plist;
				IPHONEOS_DEPLOYMENT_TARGET = 14.0;
				LD_RUNPATH_SEARCH_PATHS = (
					"$(inherited)",
					"@executable_path/Frameworks",
				);
				PRODUCT_BUNDLE_IDENTIFIER = com.ginger.SearchBarPagination;
				PRODUCT_NAME = "$(TARGET_NAME)";
				SWIFT_VERSION = 5.0;
				TARGETED_DEVICE_FAMILY = "1,2";
			};
			name = Debug;
		};
		52ED16CD25AC739500CA775D /* Release */ = {
			isa = XCBuildConfiguration;
			buildSettings = {
				ASSETCATALOG_COMPILER_APPICON_NAME = AppIcon;
				ASSETCATALOG_COMPILER_GLOBAL_ACCENT_COLOR_NAME = AccentColor;
				CODE_SIGN_STYLE = Automatic;
				DEVELOPMENT_ASSET_PATHS = "\"SearchBarPagination/Preview Content\"";
				DEVELOPMENT_TEAM = PM9A36DEYH;
				ENABLE_PREVIEWS = YES;
				INFOPLIST_FILE = SearchBarPagination/Info.plist;
				IPHONEOS_DEPLOYMENT_TARGET = 14.0;
				LD_RUNPATH_SEARCH_PATHS = (
					"$(inherited)",
					"@executable_path/Frameworks",
				);
				PRODUCT_BUNDLE_IDENTIFIER = com.ginger.SearchBarPagination;
				PRODUCT_NAME = "$(TARGET_NAME)";
				SWIFT_VERSION = 5.0;
				TARGETED_DEVICE_FAMILY = "1,2";
			};
			name = Release;
		};
/* End XCBuildConfiguration section */

/* Begin XCConfigurationList section */
		52ED16B725AC739400CA775D /* Build configuration list for PBXProject "SearchBarPagination" */ = {
			isa = XCConfigurationList;
			buildConfigurations = (
				52ED16C925AC739500CA775D /* Debug */,
				52ED16CA25AC739500CA775D /* Release */,
			);
			defaultConfigurationIsVisible = 0;
			defaultConfigurationName = Release;
		};
		52ED16CB25AC739500CA775D /* Build configuration list for PBXNativeTarget "SearchBarPagination" */ = {
			isa = XCConfigurationList;
			buildConfigurations = (
				52ED16CC25AC739500CA775D /* Debug */,
				52ED16CD25AC739500CA775D /* Release */,
			);
			defaultConfigurationIsVisible = 0;
			defaultConfigurationName = Release;
		};
/* End XCConfigurationList section */
	};
	rootObject = 52ED16B425AC739400CA775D /* Project object */;
}
