// !$*UTF8*$!
{
	archiveVersion = 1;
	classes = {
	};
	objectVersion = 50;
	objects = {

/* Begin PBXBuildFile section */
		528FF7F225AAAEC100C86D6A /* StickyTopHeaderApp.swift in Sources */ = {isa = PBXBuildFile; fileRef = 528FF7F125AAAEC100C86D6A /* StickyTopHeaderApp.swift */; };
		528FF7F425AAAEC100C86D6A /* ContentView.swift in Sources */ = {isa = PBXBuildFile; fileRef = 528FF7F325AAAEC100C86D6A /* ContentView.swift */; };
		528FF7F625AAAEC200C86D6A /* Assets.xcassets in Resources */ = {isa = PBXBuildFile; fileRef = 528FF7F525AAAEC200C86D6A /* Assets.xcassets */; };
		528FF7F925AAAEC200C86D6A /* Preview Assets.xcassets in Resources */ = {isa = PBXBuildFile; fileRef = 528FF7F825AAAEC200C86D6A /* Preview Assets.xcassets */; };
		528FF80425AAB37400C86D6A /* Album.swift in Sources */ = {isa = PBXBuildFile; fileRef = 528FF80325AAB37400C86D6A /* Album.swift */; };
		528FF80925AAB40900C86D6A /* Home.swift in Sources */ = {isa = PBXBuildFile; fileRef = 528FF80825AAB40900C86D6A /* Home.swift */; };
		528FF80C25AACC3800C86D6A /* AlbumRow.swift in Sources */ = {isa = PBXBuildFile; fileRef = 528FF80B25AACC3800C86D6A /* AlbumRow.swift */; };
		528FF80F25AACDA800C86D6A /* BlurView.swift in Sources */ = {isa = PBXBuildFile; fileRef = 528FF80E25AACDA800C86D6A /* BlurView.swift */; };
/* End PBXBuildFile section */

/* Begin PBXFileReference section */
		528FF7EE25AAAEC100C86D6A /* StickyTopHeader.app */ = {isa = PBXFileReference; explicitFileType = wrapper.application; includeInIndex = 0; path = StickyTopHeader.app; sourceTree = BUILT_PRODUCTS_DIR; };
		528FF7F125AAAEC100C86D6A /* StickyTopHeaderApp.swift */ = {isa = PBXFileReference; lastKnownFileType = sourcecode.swift; path = StickyTopHeaderApp.swift; sourceTree = "<group>"; };
		528FF7F325AAAEC100C86D6A /* ContentView.swift */ = {isa = PBXFileReference; lastKnownFileType = sourcecode.swift; path = ContentView.swift; sourceTree = "<group>"; };
		528FF7F525AAAEC200C86D6A /* Assets.xcassets */ = {isa = PBXFileReference; lastKnownFileType = folder.assetcatalog; path = Assets.xcassets; sourceTree = "<group>"; };
		528FF7F825AAAEC200C86D6A /* Preview Assets.xcassets */ = {isa = PBXFileReference; lastKnownFileType = folder.assetcatalog; path = "Preview Assets.xcassets"; sourceTree = "<group>"; };
		528FF7FA25AAAEC200C86D6A /* Info.plist */ = {isa = PBXFileReference; lastKnownFileType = text.plist.xml; path = Info.plist; sourceTree = "<group>"; };
		528FF80325AAB37400C86D6A /* Album.swift */ = {isa = PBXFileReference; lastKnownFileType = sourcecode.swift; path = Album.swift; sourceTree = "<group>"; };
		528FF80825AAB40900C86D6A /* Home.swift */ = {isa = PBXFileReference; lastKnownFileType = sourcecode.swift; path = Home.swift; sourceTree = "<group>"; };
		528FF80B25AACC3800C86D6A /* AlbumRow.swift */ = {isa = PBXFileReference; lastKnownFileType = sourcecode.swift; path = AlbumRow.swift; sourceTree = "<group>"; };
		528FF80E25AACDA800C86D6A /* BlurView.swift */ = {isa = PBXFileReference; lastKnownFileType = sourcecode.swift; path = BlurView.swift; sourceTree = "<group>"; };
/* End PBXFileReference section */

/* Begin PBXFrameworksBuildPhase section */
		528FF7EB25AAAEC100C86D6A /* Frameworks */ = {
			isa = PBXFrameworksBuildPhase;
			buildActionMask = 2147483647;
			files = (
			);
			runOnlyForDeploymentPostprocessing = 0;
		};
/* End PBXFrameworksBuildPhase section */

/* Begin PBXGroup section */
		528FF7E525AAAEC100C86D6A = {
			isa = PBXGroup;
			children = (
				528FF7F025AAAEC100C86D6A /* StickyTopHeader */,
				528FF7EF25AAAEC100C86D6A /* Products */,
			);
			sourceTree = "<group>";
		};
		528FF7EF25AAAEC100C86D6A /* Products */ = {
			isa = PBXGroup;
			children = (
				528FF7EE25AAAEC100C86D6A /* StickyTopHeader.app */,
			);
			name = Products;
			sourceTree = "<group>";
		};
		528FF7F025AAAEC100C86D6A /* StickyTopHeader */ = {
			isa = PBXGroup;
			children = (
				528FF80225AAB32700C86D6A /* Model */,
				528FF80125AAAEDB00C86D6A /* View */,
				528FF7F125AAAEC100C86D6A /* StickyTopHeaderApp.swift */,
				528FF7F325AAAEC100C86D6A /* ContentView.swift */,
				528FF7F525AAAEC200C86D6A /* Assets.xcassets */,
				528FF7FA25AAAEC200C86D6A /* Info.plist */,
				528FF7F725AAAEC200C86D6A /* Preview Content */,
			);
			path = StickyTopHeader;
			sourceTree = "<group>";
		};
		528FF7F725AAAEC200C86D6A /* Preview Content */ = {
			isa = PBXGroup;
			children = (
				528FF7F825AAAEC200C86D6A /* Preview Assets.xcassets */,
			);
			path = "Preview Content";
			sourceTree = "<group>";
		};
		528FF80125AAAEDB00C86D6A /* View */ = {
			isa = PBXGroup;
			children = (
				528FF80825AAB40900C86D6A /* Home.swift */,
				528FF80B25AACC3800C86D6A /* AlbumRow.swift */,
				528FF80E25AACDA800C86D6A /* BlurView.swift */,
			);
			path = View;
			sourceTree = "<group>";
		};
		528FF80225AAB32700C86D6A /* Model */ = {
			isa = PBXGroup;
			children = (
				528FF80325AAB37400C86D6A /* Album.swift */,
			);
			path = Model;
			sourceTree = "<group>";
		};
/* End PBXGroup section */

/* Begin PBXNativeTarget section */
		528FF7ED25AAAEC100C86D6A /* StickyTopHeader */ = {
			isa = PBXNativeTarget;
			buildConfigurationList = 528FF7FD25AAAEC200C86D6A /* Build configuration list for PBXNativeTarget "StickyTopHeader" */;
			buildPhases = (
				528FF7EA25AAAEC100C86D6A /* Sources */,
				528FF7EB25AAAEC100C86D6A /* Frameworks */,
				528FF7EC25AAAEC100C86D6A /* Resources */,
			);
			buildRules = (
			);
			dependencies = (
			);
			name = StickyTopHeader;
			productName = StickyTopHeader;
			productReference = 528FF7EE25AAAEC100C86D6A /* StickyTopHeader.app */;
			productType = "com.apple.product-type.application";
		};
/* End PBXNativeTarget section */

/* Begin PBXProject section */
		528FF7E625AAAEC100C86D6A /* Project object */ = {
			isa = PBXProject;
			attributes = {
				LastSwiftUpdateCheck = 1230;
				LastUpgradeCheck = 1230;
				TargetAttributes = {
					528FF7ED25AAAEC100C86D6A = {
						CreatedOnToolsVersion = 12.3;
					};
				};
			};
			buildConfigurationList = 528FF7E925AAAEC100C86D6A /* Build configuration list for PBXProject "StickyTopHeader" */;
			compatibilityVersion = "Xcode 9.3";
			developmentRegion = en;
			hasScannedForEncodings = 0;
			knownRegions = (
				en,
				Base,
			);
			mainGroup = 528FF7E525AAAEC100C86D6A;
			productRefGroup = 528FF7EF25AAAEC100C86D6A /* Products */;
			projectDirPath = "";
			projectRoot = "";
			targets = (
				528FF7ED25AAAEC100C86D6A /* StickyTopHeader */,
			);
		};
/* End PBXProject section */

/* Begin PBXResourcesBuildPhase section */
		528FF7EC25AAAEC100C86D6A /* Resources */ = {
			isa = PBXResourcesBuildPhase;
			buildActionMask = 2147483647;
			files = (
				528FF7F925AAAEC200C86D6A /* Preview Assets.xcassets in Resources */,
				528FF7F625AAAEC200C86D6A /* Assets.xcassets in Resources */,
			);
			runOnlyForDeploymentPostprocessing = 0;
		};
/* End PBXResourcesBuildPhase section */

/* Begin PBXSourcesBuildPhase section */
		528FF7EA25AAAEC100C86D6A /* Sources */ = {
			isa = PBXSourcesBuildPhase;
			buildActionMask = 2147483647;
			files = (
				528FF80425AAB37400C86D6A /* Album.swift in Sources */,
				528FF7F425AAAEC100C86D6A /* ContentView.swift in Sources */,
				528FF80C25AACC3800C86D6A /* AlbumRow.swift in Sources */,
				528FF80925AAB40900C86D6A /* Home.swift in Sources */,
				528FF7F225AAAEC100C86D6A /* StickyTopHeaderApp.swift in Sources */,
				528FF80F25AACDA800C86D6A /* BlurView.swift in Sources */,
			);
			runOnlyForDeploymentPostprocessing = 0;
		};
/* End PBXSourcesBuildPhase section */

/* Begin XCBuildConfiguration section */
		528FF7FB25AAAEC200C86D6A /* Debug */ = {
			isa = XCBuildConfiguration;
			buildSettings = {
				ALWAYS_SEARCH_USER_PATHS = NO;
				CLANG_ANALYZER_NONNULL = YES;
				CLANG_ANALYZER_NUMBER_OBJECT_CONVERSION = YES_AGGRESSIVE;
				CLANG_CXX_LANGUAGE_STANDARD = "gnu++14";
				CLANG_CXX_LIBRARY = "libc++";
				CLANG_ENABLE_MODULES = YES;
				CLANG_ENABLE_OBJC_ARC = YES;
				CLANG_ENABLE_OBJC_WEAK = YES;
				CLANG_WARN_BLOCK_CAPTURE_AUTORELEASING = YES;
				CLANG_WARN_BOOL_CONVERSION = YES;
				CLANG_WARN_COMMA = YES;
				CLANG_WARN_CONSTANT_CONVERSION = YES;
				CLANG_WARN_DEPRECATED_OBJC_IMPLEMENTATIONS = YES;
				CLANG_WARN_DIRECT_OBJC_ISA_USAGE = YES_ERROR;
				CLANG_WARN_DOCUMENTATION_COMMENTS = YES;
				CLANG_WARN_EMPTY_BODY = YES;
				CLANG_WARN_ENUM_CONVERSION = YES;
				CLANG_WARN_INFINITE_RECURSION = YES;
				CLANG_WARN_INT_CONVERSION = YES;
				CLANG_WARN_NON_LITERAL_NULL_CONVERSION = YES;
				CLANG_WARN_OBJC_IMPLICIT_RETAIN_SELF = YES;
				CLANG_WARN_OBJC_LITERAL_CONVERSION = YES;
				CLANG_WARN_OBJC_ROOT_CLASS = YES_ERROR;
				CLANG_WARN_QUOTED_INCLUDE_IN_FRAMEWORK_HEADER = YES;
				CLANG_WARN_RANGE_LOOP_ANALYSIS = YES;
				CLANG_WARN_STRICT_PROTOTYPES = YES;
				CLANG_WARN_SUSPICIOUS_MOVE = YES;
				CLANG_WARN_UNGUARDED_AVAILABILITY = YES_AGGRESSIVE;
				CLANG_WARN_UNREACHABLE_CODE = YES;
				CLANG_WARN__DUPLICATE_METHOD_MATCH = YES;
				COPY_PHASE_STRIP = NO;
				DEBUG_INFORMATION_FORMAT = dwarf;
				ENABLE_STRICT_OBJC_MSGSEND = YES;
				ENABLE_TESTABILITY = YES;
				GCC_C_LANGUAGE_STANDARD = gnu11;
				GCC_DYNAMIC_NO_PIC = NO;
				GCC_NO_COMMON_BLOCKS = YES;
				GCC_OPTIMIZATION_LEVEL = 0;
				GCC_PREPROCESSOR_DEFINITIONS = (
					"DEBUG=1",
					"$(inherited)",
				);
				GCC_WARN_64_TO_32_BIT_CONVERSION = YES;
				GCC_WARN_ABOUT_RETURN_TYPE = YES_ERROR;
				GCC_WARN_UNDECLARED_SELECTOR = YES;
				GCC_WARN_UNINITIALIZED_AUTOS = YES_AGGRESSIVE;
				GCC_WARN_UNUSED_FUNCTION = YES;
				GCC_WARN_UNUSED_VARIABLE = YES;
				IPHONEOS_DEPLOYMENT_TARGET = 14.3;
				MTL_ENABLE_DEBUG_INFO = INCLUDE_SOURCE;
				MTL_FAST_MATH = YES;
				ONLY_ACTIVE_ARCH = YES;
				SDKROOT = iphoneos;
				SWIFT_ACTIVE_COMPILATION_CONDITIONS = DEBUG;
				SWIFT_OPTIMIZATION_LEVEL = "-Onone";
			};
			name = Debug;
		};
		528FF7FC25AAAEC200C86D6A /* Release */ = {
			isa = XCBuildConfiguration;
			buildSettings = {
				ALWAYS_SEARCH_USER_PATHS = NO;
				CLANG_ANALYZER_NONNULL = YES;
				CLANG_ANALYZER_NUMBER_OBJECT_CONVERSION = YES_AGGRESSIVE;
				CLANG_CXX_LANGUAGE_STANDARD = "gnu++14";
				CLANG_CXX_LIBRARY = "libc++";
				CLANG_ENABLE_MODULES = YES;
				CLANG_ENABLE_OBJC_ARC = YES;
				CLANG_ENABLE_OBJC_WEAK = YES;
				CLANG_WARN_BLOCK_CAPTURE_AUTORELEASING = YES;
				CLANG_WARN_BOOL_CONVERSION = YES;
				CLANG_WARN_COMMA = YES;
				CLANG_WARN_CONSTANT_CONVERSION = YES;
				CLANG_WARN_DEPRECATED_OBJC_IMPLEMENTATIONS = YES;
				CLANG_WARN_DIRECT_OBJC_ISA_USAGE = YES_ERROR;
				CLANG_WARN_DOCUMENTATION_COMMENTS = YES;
				CLANG_WARN_EMPTY_BODY = YES;
				CLANG_WARN_ENUM_CONVERSION = YES;
				CLANG_WARN_INFINITE_RECURSION = YES;
				CLANG_WARN_INT_CONVERSION = YES;
				CLANG_WARN_NON_LITERAL_NULL_CONVERSION = YES;
				CLANG_WARN_OBJC_IMPLICIT_RETAIN_SELF = YES;
				CLANG_WARN_OBJC_LITERAL_CONVERSION = YES;
				CLANG_WARN_OBJC_ROOT_CLASS = YES_ERROR;
				CLANG_WARN_QUOTED_INCLUDE_IN_FRAMEWORK_HEADER = YES;
				CLANG_WARN_RANGE_LOOP_ANALYSIS = YES;
				CLANG_WARN_STRICT_PROTOTYPES = YES;
				CLANG_WARN_SUSPICIOUS_MOVE = YES;
				CLANG_WARN_UNGUARDED_AVAILABILITY = YES_AGGRESSIVE;
				CLANG_WARN_UNREACHABLE_CODE = YES;
				CLANG_WARN__DUPLICATE_METHOD_MATCH = YES;
				COPY_PHASE_STRIP = NO;
				DEBUG_INFORMATION_FORMAT = "dwarf-with-dsym";
				ENABLE_NS_ASSERTIONS = NO;
				ENABLE_STRICT_OBJC_MSGSEND = YES;
				GCC_C_LANGUAGE_STANDARD = gnu11;
				GCC_NO_COMMON_BLOCKS = YES;
				GCC_WARN_64_TO_32_BIT_CONVERSION = YES;
				GCC_WARN_ABOUT_RETURN_TYPE = YES_ERROR;
				GCC_WARN_UNDECLARED_SELECTOR = YES;
				GCC_WARN_UNINITIALIZED_AUTOS = YES_AGGRESSIVE;
				GCC_WARN_UNUSED_FUNCTION = YES;
				GCC_WARN_UNUSED_VARIABLE = YES;
				IPHONEOS_DEPLOYMENT_TARGET = 14.3;
				MTL_ENABLE_DEBUG_INFO = NO;
				MTL_FAST_MATH = YES;
				SDKROOT = iphoneos;
				SWIFT_COMPILATION_MODE = wholemodule;
				SWIFT_OPTIMIZATION_LEVEL = "-O";
				VALIDATE_PRODUCT = YES;
			};
			name = Release;
		};
		528FF7FE25AAAEC200C86D6A /* Debug */ = {
			isa = XCBuildConfiguration;
			buildSettings = {
				ASSETCATALOG_COMPILER_APPICON_NAME = AppIcon;
				ASSETCATALOG_COMPILER_GLOBAL_ACCENT_COLOR_NAME = AccentColor;
				CODE_SIGN_STYLE = Automatic;
				DEVELOPMENT_ASSET_PATHS = "\"StickyTopHeader/Preview Content\"";
				DEVELOPMENT_TEAM = PM9A36DEYH;
				ENABLE_PREVIEWS = YES;
				INFOPLIST_FILE = StickyTopHeader/Info.plist;
				IPHONEOS_DEPLOYMENT_TARGET = 14.0;
				LD_RUNPATH_SEARCH_PATHS = (
					"$(inherited)",
					"@executable_path/Frameworks",
				);
				PRODUCT_BUNDLE_IDENTIFIER = com.ginger.StickyTopHeader;
				PRODUCT_NAME = "$(TARGET_NAME)";
				SWIFT_VERSION = 5.0;
				TARGETED_DEVICE_FAMILY = "1,2";
			};
			name = Debug;
		};
		528FF7FF25AAAEC200C86D6A /* Release */ = {
			isa = XCBuildConfiguration;
			buildSettings = {
				ASSETCATALOG_COMPILER_APPICON_NAME = AppIcon;
				ASSETCATALOG_COMPILER_GLOBAL_ACCENT_COLOR_NAME = AccentColor;
				CODE_SIGN_STYLE = Automatic;
				DEVELOPMENT_ASSET_PATHS = "\"StickyTopHeader/Preview Content\"";
				DEVELOPMENT_TEAM = PM9A36DEYH;
				ENABLE_PREVIEWS = YES;
				INFOPLIST_FILE = StickyTopHeader/Info.plist;
				IPHONEOS_DEPLOYMENT_TARGET = 14.0;
				LD_RUNPATH_SEARCH_PATHS = (
					"$(inherited)",
					"@executable_path/Frameworks",
				);
				PRODUCT_BUNDLE_IDENTIFIER = com.ginger.StickyTopHeader;
				PRODUCT_NAME = "$(TARGET_NAME)";
				SWIFT_VERSION = 5.0;
				TARGETED_DEVICE_FAMILY = "1,2";
			};
			name = Release;
		};
/* End XCBuildConfiguration section */

/* Begin XCConfigurationList section */
		528FF7E925AAAEC100C86D6A /* Build configuration list for PBXProject "StickyTopHeader" */ = {
			isa = XCConfigurationList;
			buildConfigurations = (
				528FF7FB25AAAEC200C86D6A /* Debug */,
				528FF7FC25AAAEC200C86D6A /* Release */,
			);
			defaultConfigurationIsVisible = 0;
			defaultConfigurationName = Release;
		};
		528FF7FD25AAAEC200C86D6A /* Build configuration list for PBXNativeTarget "StickyTopHeader" */ = {
			isa = XCConfigurationList;
			buildConfigurations = (
				528FF7FE25AAAEC200C86D6A /* Debug */,
				528FF7FF25AAAEC200C86D6A /* Release */,
			);
			defaultConfigurationIsVisible = 0;
			defaultConfigurationName = Release;
		};
/* End XCConfigurationList section */
	};
	rootObject = 528FF7E625AAAEC100C86D6A /* Project object */;
}
