// !$*UTF8*$!
{
	archiveVersion = 1;
	classes = {
	};
	objectVersion = 50;
	objects = {

/* Begin PBXBuildFile section */
		521DB2DB25BD30D600315267 /* JSONToCoreDataApp.swift in Sources */ = {isa = PBXBuildFile; fileRef = 521DB2DA25BD30D600315267 /* JSONToCoreDataApp.swift */; };
		521DB2DD25BD30D600315267 /* ContentView.swift in Sources */ = {isa = PBXBuildFile; fileRef = 521DB2DC25BD30D600315267 /* ContentView.swift */; };
		521DB2DF25BD30D600315267 /* Assets.xcassets in Resources */ = {isa = PBXBuildFile; fileRef = 521DB2DE25BD30D600315267 /* Assets.xcassets */; };
		521DB2E225BD30D600315267 /* Preview Assets.xcassets in Resources */ = {isa = PBXBuildFile; fileRef = 521DB2E125BD30D600315267 /* Preview Assets.xcassets */; };
		521DB2E425BD30D600315267 /* Persistence.swift in Sources */ = {isa = PBXBuildFile; fileRef = 521DB2E325BD30D600315267 /* Persistence.swift */; };
		521DB2E725BD30D600315267 /* JSONToCoreData.xcdatamodeld in Sources */ = {isa = PBXBuildFile; fileRef = 521DB2E525BD30D600315267 /* JSONToCoreData.xcdatamodeld */; };
		521DB2F325BD325200315267 /* Home.swift in Sources */ = {isa = PBXBuildFile; fileRef = 521DB2F225BD325200315267 /* Home.swift */; };
		521DB2F725BD327700315267 /* VideoModel.swift in Sources */ = {isa = PBXBuildFile; fileRef = 521DB2F625BD327700315267 /* VideoModel.swift */; };
		521DB2FA25BD32A500315267 /* JSONViewModel.swift in Sources */ = {isa = PBXBuildFile; fileRef = 521DB2F925BD32A500315267 /* JSONViewModel.swift */; };
		521DB2FD25BD342D00315267 /* CardView.swift in Sources */ = {isa = PBXBuildFile; fileRef = 521DB2FC25BD342D00315267 /* CardView.swift */; };
/* End PBXBuildFile section */

/* Begin PBXFileReference section */
		521DB2D725BD30D600315267 /* JSONToCoreData.app */ = {isa = PBXFileReference; explicitFileType = wrapper.application; includeInIndex = 0; path = JSONToCoreData.app; sourceTree = BUILT_PRODUCTS_DIR; };
		521DB2DA25BD30D600315267 /* JSONToCoreDataApp.swift */ = {isa = PBXFileReference; lastKnownFileType = sourcecode.swift; path = JSONToCoreDataApp.swift; sourceTree = "<group>"; };
		521DB2DC25BD30D600315267 /* ContentView.swift */ = {isa = PBXFileReference; lastKnownFileType = sourcecode.swift; path = ContentView.swift; sourceTree = "<group>"; };
		521DB2DE25BD30D600315267 /* Assets.xcassets */ = {isa = PBXFileReference; lastKnownFileType = folder.assetcatalog; path = Assets.xcassets; sourceTree = "<group>"; };
		521DB2E125BD30D600315267 /* Preview Assets.xcassets */ = {isa = PBXFileReference; lastKnownFileType = folder.assetcatalog; path = "Preview Assets.xcassets"; sourceTree = "<group>"; };
		521DB2E325BD30D600315267 /* Persistence.swift */ = {isa = PBXFileReference; lastKnownFileType = sourcecode.swift; path = Persistence.swift; sourceTree = "<group>"; };
		521DB2E625BD30D600315267 /* JSONToCoreData.xcdatamodel */ = {isa = PBXFileReference; lastKnownFileType = wrapper.xcdatamodel; path = JSONToCoreData.xcdatamodel; sourceTree = "<group>"; };
		521DB2E825BD30D600315267 /* Info.plist */ = {isa = PBXFileReference; lastKnownFileType = text.plist.xml; path = Info.plist; sourceTree = "<group>"; };
		521DB2F225BD325200315267 /* Home.swift */ = {isa = PBXFileReference; lastKnownFileType = sourcecode.swift; path = Home.swift; sourceTree = "<group>"; };
		521DB2F625BD327700315267 /* VideoModel.swift */ = {isa = PBXFileReference; lastKnownFileType = sourcecode.swift; path = VideoModel.swift; sourceTree = "<group>"; };
		521DB2F925BD32A500315267 /* JSONViewModel.swift */ = {isa = PBXFileReference; lastKnownFileType = sourcecode.swift; path = JSONViewModel.swift; sourceTree = "<group>"; };
		521DB2FC25BD342D00315267 /* CardView.swift */ = {isa = PBXFileReference; lastKnownFileType = sourcecode.swift; path = CardView.swift; sourceTree = "<group>"; };
/* End PBXFileReference section */

/* Begin PBXFrameworksBuildPhase section */
		521DB2D425BD30D600315267 /* Frameworks */ = {
			isa = PBXFrameworksBuildPhase;
			buildActionMask = 2147483647;
			files = (
			);
			runOnlyForDeploymentPostprocessing = 0;
		};
/* End PBXFrameworksBuildPhase section */

/* Begin PBXGroup section */
		521DB2CE25BD30D600315267 = {
			isa = PBXGroup;
			children = (
				521DB2D925BD30D600315267 /* JSONToCoreData */,
				521DB2D825BD30D600315267 /* Products */,
			);
			sourceTree = "<group>";
		};
		521DB2D825BD30D600315267 /* Products */ = {
			isa = PBXGroup;
			children = (
				521DB2D725BD30D600315267 /* JSONToCoreData.app */,
			);
			name = Products;
			sourceTree = "<group>";
		};
		521DB2D925BD30D600315267 /* JSONToCoreData */ = {
			isa = PBXGroup;
			children = (
				521DB2F125BD324400315267 /* Model */,
				521DB2F025BD323E00315267 /* ViewModel */,
				521DB2EF25BD323700315267 /* View */,
				521DB2DA25BD30D600315267 /* JSONToCoreDataApp.swift */,
				521DB2DC25BD30D600315267 /* ContentView.swift */,
				521DB2DE25BD30D600315267 /* Assets.xcassets */,
				521DB2E325BD30D600315267 /* Persistence.swift */,
				521DB2E825BD30D600315267 /* Info.plist */,
				521DB2E525BD30D600315267 /* JSONToCoreData.xcdatamodeld */,
				521DB2E025BD30D600315267 /* Preview Content */,
			);
			path = JSONToCoreData;
			sourceTree = "<group>";
		};
		521DB2E025BD30D600315267 /* Preview Content */ = {
			isa = PBXGroup;
			children = (
				521DB2E125BD30D600315267 /* Preview Assets.xcassets */,
			);
			path = "Preview Content";
			sourceTree = "<group>";
		};
		521DB2EF25BD323700315267 /* View */ = {
			isa = PBXGroup;
			children = (
				521DB2F225BD325200315267 /* Home.swift */,
				521DB2FC25BD342D00315267 /* CardView.swift */,
			);
			path = View;
			sourceTree = "<group>";
		};
		521DB2F025BD323E00315267 /* ViewModel */ = {
			isa = PBXGroup;
			children = (
				521DB2F925BD32A500315267 /* JSONViewModel.swift */,
			);
			path = ViewModel;
			sourceTree = "<group>";
		};
		521DB2F125BD324400315267 /* Model */ = {
			isa = PBXGroup;
			children = (
				521DB2F625BD327700315267 /* VideoModel.swift */,
			);
			path = Model;
			sourceTree = "<group>";
		};
/* End PBXGroup section */

/* Begin PBXNativeTarget section */
		521DB2D625BD30D600315267 /* JSONToCoreData */ = {
			isa = PBXNativeTarget;
			buildConfigurationList = 521DB2EB25BD30D600315267 /* Build configuration list for PBXNativeTarget "JSONToCoreData" */;
			buildPhases = (
				521DB2D325BD30D600315267 /* Sources */,
				521DB2D425BD30D600315267 /* Frameworks */,
				521DB2D525BD30D600315267 /* Resources */,
			);
			buildRules = (
			);
			dependencies = (
			);
			name = JSONToCoreData;
			productName = JSONToCoreData;
			productReference = 521DB2D725BD30D600315267 /* JSONToCoreData.app */;
			productType = "com.apple.product-type.application";
		};
/* End PBXNativeTarget section */

/* Begin PBXProject section */
		521DB2CF25BD30D600315267 /* Project object */ = {
			isa = PBXProject;
			attributes = {
				LastSwiftUpdateCheck = 1230;
				LastUpgradeCheck = 1230;
				TargetAttributes = {
					521DB2D625BD30D600315267 = {
						CreatedOnToolsVersion = 12.3;
					};
				};
			};
			buildConfigurationList = 521DB2D225BD30D600315267 /* Build configuration list for PBXProject "JSONToCoreData" */;
			compatibilityVersion = "Xcode 9.3";
			developmentRegion = en;
			hasScannedForEncodings = 0;
			knownRegions = (
				en,
				Base,
			);
			mainGroup = 521DB2CE25BD30D600315267;
			productRefGroup = 521DB2D825BD30D600315267 /* Products */;
			projectDirPath = "";
			projectRoot = "";
			targets = (
				521DB2D625BD30D600315267 /* JSONToCoreData */,
			);
		};
/* End PBXProject section */

/* Begin PBXResourcesBuildPhase section */
		521DB2D525BD30D600315267 /* Resources */ = {
			isa = PBXResourcesBuildPhase;
			buildActionMask = 2147483647;
			files = (
				521DB2E225BD30D600315267 /* Preview Assets.xcassets in Resources */,
				521DB2DF25BD30D600315267 /* Assets.xcassets in Resources */,
			);
			runOnlyForDeploymentPostprocessing = 0;
		};
/* End PBXResourcesBuildPhase section */

/* Begin PBXSourcesBuildPhase section */
		521DB2D325BD30D600315267 /* Sources */ = {
			isa = PBXSourcesBuildPhase;
			buildActionMask = 2147483647;
			files = (
				521DB2E425BD30D600315267 /* Persistence.swift in Sources */,
				521DB2FA25BD32A500315267 /* JSONViewModel.swift in Sources */,
				521DB2F725BD327700315267 /* VideoModel.swift in Sources */,
				521DB2DD25BD30D600315267 /* ContentView.swift in Sources */,
				521DB2F325BD325200315267 /* Home.swift in Sources */,
				521DB2DB25BD30D600315267 /* JSONToCoreDataApp.swift in Sources */,
				521DB2FD25BD342D00315267 /* CardView.swift in Sources */,
				521DB2E725BD30D600315267 /* JSONToCoreData.xcdatamodeld in Sources */,
			);
			runOnlyForDeploymentPostprocessing = 0;
		};
/* End PBXSourcesBuildPhase section */

/* Begin XCBuildConfiguration section */
		521DB2E925BD30D600315267 /* Debug */ = {
			isa = XCBuildConfiguration;
			buildSettings = {
				ALWAYS_SEARCH_USER_PATHS = NO;
				CLANG_ANALYZER_NONNULL = YES;
				CLANG_ANALYZER_NUMBER_OBJECT_CONVERSION = YES_AGGRESSIVE;
				CLANG_CXX_LANGUAGE_STANDARD = "gnu++14";
				CLANG_CXX_LIBRARY = "libc++";
				CLANG_ENABLE_MODULES = YES;
				CLANG_ENABLE_OBJC_ARC = YES;
				CLANG_ENABLE_OBJC_WEAK = YES;
				CLANG_WARN_BLOCK_CAPTURE_AUTORELEASING = YES;
				CLANG_WARN_BOOL_CONVERSION = YES;
				CLANG_WARN_COMMA = YES;
				CLANG_WARN_CONSTANT_CONVERSION = YES;
				CLANG_WARN_DEPRECATED_OBJC_IMPLEMENTATIONS = YES;
				CLANG_WARN_DIRECT_OBJC_ISA_USAGE = YES_ERROR;
				CLANG_WARN_DOCUMENTATION_COMMENTS = YES;
				CLANG_WARN_EMPTY_BODY = YES;
				CLANG_WARN_ENUM_CONVERSION = YES;
				CLANG_WARN_INFINITE_RECURSION = YES;
				CLANG_WARN_INT_CONVERSION = YES;
				CLANG_WARN_NON_LITERAL_NULL_CONVERSION = YES;
				CLANG_WARN_OBJC_IMPLICIT_RETAIN_SELF = YES;
				CLANG_WARN_OBJC_LITERAL_CONVERSION = YES;
				CLANG_WARN_OBJC_ROOT_CLASS = YES_ERROR;
				CLANG_WARN_QUOTED_INCLUDE_IN_FRAMEWORK_HEADER = YES;
				CLANG_WARN_RANGE_LOOP_ANALYSIS = YES;
				CLANG_WARN_STRICT_PROTOTYPES = YES;
				CLANG_WARN_SUSPICIOUS_MOVE = YES;
				CLANG_WARN_UNGUARDED_AVAILABILITY = YES_AGGRESSIVE;
				CLANG_WARN_UNREACHABLE_CODE = YES;
				CLANG_WARN__DUPLICATE_METHOD_MATCH = YES;
				COPY_PHASE_STRIP = NO;
				DEBUG_INFORMATION_FORMAT = dwarf;
				ENABLE_STRICT_OBJC_MSGSEND = YES;
				ENABLE_TESTABILITY = YES;
				GCC_C_LANGUAGE_STANDARD = gnu11;
				GCC_DYNAMIC_NO_PIC = NO;
				GCC_NO_COMMON_BLOCKS = YES;
				GCC_OPTIMIZATION_LEVEL = 0;
				GCC_PREPROCESSOR_DEFINITIONS = (
					"DEBUG=1",
					"$(inherited)",
				);
				GCC_WARN_64_TO_32_BIT_CONVERSION = YES;
				GCC_WARN_ABOUT_RETURN_TYPE = YES_ERROR;
				GCC_WARN_UNDECLARED_SELECTOR = YES;
				GCC_WARN_UNINITIALIZED_AUTOS = YES_AGGRESSIVE;
				GCC_WARN_UNUSED_FUNCTION = YES;
				GCC_WARN_UNUSED_VARIABLE = YES;
				IPHONEOS_DEPLOYMENT_TARGET = 14.3;
				MTL_ENABLE_DEBUG_INFO = INCLUDE_SOURCE;
				MTL_FAST_MATH = YES;
				ONLY_ACTIVE_ARCH = YES;
				SDKROOT = iphoneos;
				SWIFT_ACTIVE_COMPILATION_CONDITIONS = DEBUG;
				SWIFT_OPTIMIZATION_LEVEL = "-Onone";
			};
			name = Debug;
		};
		521DB2EA25BD30D600315267 /* Release */ = {
			isa = XCBuildConfiguration;
			buildSettings = {
				ALWAYS_SEARCH_USER_PATHS = NO;
				CLANG_ANALYZER_NONNULL = YES;
				CLANG_ANALYZER_NUMBER_OBJECT_CONVERSION = YES_AGGRESSIVE;
				CLANG_CXX_LANGUAGE_STANDARD = "gnu++14";
				CLANG_CXX_LIBRARY = "libc++";
				CLANG_ENABLE_MODULES = YES;
				CLANG_ENABLE_OBJC_ARC = YES;
				CLANG_ENABLE_OBJC_WEAK = YES;
				CLANG_WARN_BLOCK_CAPTURE_AUTORELEASING = YES;
				CLANG_WARN_BOOL_CONVERSION = YES;
				CLANG_WARN_COMMA = YES;
				CLANG_WARN_CONSTANT_CONVERSION = YES;
				CLANG_WARN_DEPRECATED_OBJC_IMPLEMENTATIONS = YES;
				CLANG_WARN_DIRECT_OBJC_ISA_USAGE = YES_ERROR;
				CLANG_WARN_DOCUMENTATION_COMMENTS = YES;
				CLANG_WARN_EMPTY_BODY = YES;
				CLANG_WARN_ENUM_CONVERSION = YES;
				CLANG_WARN_INFINITE_RECURSION = YES;
				CLANG_WARN_INT_CONVERSION = YES;
				CLANG_WARN_NON_LITERAL_NULL_CONVERSION = YES;
				CLANG_WARN_OBJC_IMPLICIT_RETAIN_SELF = YES;
				CLANG_WARN_OBJC_LITERAL_CONVERSION = YES;
				CLANG_WARN_OBJC_ROOT_CLASS = YES_ERROR;
				CLANG_WARN_QUOTED_INCLUDE_IN_FRAMEWORK_HEADER = YES;
				CLANG_WARN_RANGE_LOOP_ANALYSIS = YES;
				CLANG_WARN_STRICT_PROTOTYPES = YES;
				CLANG_WARN_SUSPICIOUS_MOVE = YES;
				CLANG_WARN_UNGUARDED_AVAILABILITY = YES_AGGRESSIVE;
				CLANG_WARN_UNREACHABLE_CODE = YES;
				CLANG_WARN__DUPLICATE_METHOD_MATCH = YES;
				COPY_PHASE_STRIP = NO;
				DEBUG_INFORMATION_FORMAT = "dwarf-with-dsym";
				ENABLE_NS_ASSERTIONS = NO;
				ENABLE_STRICT_OBJC_MSGSEND = YES;
				GCC_C_LANGUAGE_STANDARD = gnu11;
				GCC_NO_COMMON_BLOCKS = YES;
				GCC_WARN_64_TO_32_BIT_CONVERSION = YES;
				GCC_WARN_ABOUT_RETURN_TYPE = YES_ERROR;
				GCC_WARN_UNDECLARED_SELECTOR = YES;
				GCC_WARN_UNINITIALIZED_AUTOS = YES_AGGRESSIVE;
				GCC_WARN_UNUSED_FUNCTION = YES;
				GCC_WARN_UNUSED_VARIABLE = YES;
				IPHONEOS_DEPLOYMENT_TARGET = 14.3;
				MTL_ENABLE_DEBUG_INFO = NO;
				MTL_FAST_MATH = YES;
				SDKROOT = iphoneos;
				SWIFT_COMPILATION_MODE = wholemodule;
				SWIFT_OPTIMIZATION_LEVEL = "-O";
				VALIDATE_PRODUCT = YES;
			};
			name = Release;
		};
		521DB2EC25BD30D600315267 /* Debug */ = {
			isa = XCBuildConfiguration;
			buildSettings = {
				ASSETCATALOG_COMPILER_APPICON_NAME = AppIcon;
				ASSETCATALOG_COMPILER_GLOBAL_ACCENT_COLOR_NAME = AccentColor;
				CODE_SIGN_STYLE = Automatic;
				DEVELOPMENT_ASSET_PATHS = "\"JSONToCoreData/Preview Content\"";
				DEVELOPMENT_TEAM = PM9A36DEYH;
				ENABLE_PREVIEWS = YES;
				INFOPLIST_FILE = JSONToCoreData/Info.plist;
				IPHONEOS_DEPLOYMENT_TARGET = 14.0;
				LD_RUNPATH_SEARCH_PATHS = (
					"$(inherited)",
					"@executable_path/Frameworks",
				);
				PRODUCT_BUNDLE_IDENTIFIER = com.ginger.JSONToCoreData;
				PRODUCT_NAME = "$(TARGET_NAME)";
				SWIFT_VERSION = 5.0;
				TARGETED_DEVICE_FAMILY = "1,2";
			};
			name = Debug;
		};
		521DB2ED25BD30D600315267 /* Release */ = {
			isa = XCBuildConfiguration;
			buildSettings = {
				ASSETCATALOG_COMPILER_APPICON_NAME = AppIcon;
				ASSETCATALOG_COMPILER_GLOBAL_ACCENT_COLOR_NAME = AccentColor;
				CODE_SIGN_STYLE = Automatic;
				DEVELOPMENT_ASSET_PATHS = "\"JSONToCoreData/Preview Content\"";
				DEVELOPMENT_TEAM = PM9A36DEYH;
				ENABLE_PREVIEWS = YES;
				INFOPLIST_FILE = JSONToCoreData/Info.plist;
				IPHONEOS_DEPLOYMENT_TARGET = 14.0;
				LD_RUNPATH_SEARCH_PATHS = (
					"$(inherited)",
					"@executable_path/Frameworks",
				);
				PRODUCT_BUNDLE_IDENTIFIER = com.ginger.JSONToCoreData;
				PRODUCT_NAME = "$(TARGET_NAME)";
				SWIFT_VERSION = 5.0;
				TARGETED_DEVICE_FAMILY = "1,2";
			};
			name = Release;
		};
/* End XCBuildConfiguration section */

/* Begin XCConfigurationList section */
		521DB2D225BD30D600315267 /* Build configuration list for PBXProject "JSONToCoreData" */ = {
			isa = XCConfigurationList;
			buildConfigurations = (
				521DB2E925BD30D600315267 /* Debug */,
				521DB2EA25BD30D600315267 /* Release */,
			);
			defaultConfigurationIsVisible = 0;
			defaultConfigurationName = Release;
		};
		521DB2EB25BD30D600315267 /* Build configuration list for PBXNativeTarget "JSONToCoreData" */ = {
			isa = XCConfigurationList;
			buildConfigurations = (
				521DB2EC25BD30D600315267 /* Debug */,
				521DB2ED25BD30D600315267 /* Release */,
			);
			defaultConfigurationIsVisible = 0;
			defaultConfigurationName = Release;
		};
/* End XCConfigurationList section */

/* Begin XCVersionGroup section */
		521DB2E525BD30D600315267 /* JSONToCoreData.xcdatamodeld */ = {
			isa = XCVersionGroup;
			children = (
				521DB2E625BD30D600315267 /* JSONToCoreData.xcdatamodel */,
			);
			currentVersion = 521DB2E625BD30D600315267 /* JSONToCoreData.xcdatamodel */;
			path = JSONToCoreData.xcdatamodeld;
			sourceTree = "<group>";
			versionGroupType = wrapper.xcdatamodel;
		};
/* End XCVersionGroup section */
	};
	rootObject = 521DB2CF25BD30D600315267 /* Project object */;
}
