// !$*UTF8*$!
{
	archiveVersion = 1;
	classes = {
	};
	objectVersion = 52;
	objects = {

/* Begin PBXBuildFile section */
		52DD7ED025BBFD4000985AA2 /* PhoneAuthFirebaseApp.swift in Sources */ = {isa = PBXBuildFile; fileRef = 52DD7ECF25BBFD4000985AA2 /* PhoneAuthFirebaseApp.swift */; };
		52DD7ED225BBFD4000985AA2 /* ContentView.swift in Sources */ = {isa = PBXBuildFile; fileRef = 52DD7ED125BBFD4000985AA2 /* ContentView.swift */; };
		52DD7ED425BBFD4100985AA2 /* Assets.xcassets in Resources */ = {isa = PBXBuildFile; fileRef = 52DD7ED325BBFD4100985AA2 /* Assets.xcassets */; };
		52DD7ED725BBFD4100985AA2 /* Preview Assets.xcassets in Resources */ = {isa = PBXBuildFile; fileRef = 52DD7ED625BBFD4100985AA2 /* Preview Assets.xcassets */; };
		52DD7EE225BC026F00985AA2 /* Login.swift in Sources */ = {isa = PBXBuildFile; fileRef = 52DD7EE125BC026F00985AA2 /* Login.swift */; };
		52DD7EE525BC03F500985AA2 /* LoginViewModel.swift in Sources */ = {isa = PBXBuildFile; fileRef = 52DD7EE425BC03F500985AA2 /* LoginViewModel.swift */; };
		52DD7EE925BC059C00985AA2 /* Countries.swift in Sources */ = {isa = PBXBuildFile; fileRef = 52DD7EE825BC059C00985AA2 /* Countries.swift */; };
		52DD7EED25BC110600985AA2 /* Verification.swift in Sources */ = {isa = PBXBuildFile; fileRef = 52DD7EEC25BC110600985AA2 /* Verification.swift */; };
		52DD7EF025BC164200985AA2 /* CustomNumberPad.swift in Sources */ = {isa = PBXBuildFile; fileRef = 52DD7EEF25BC164200985AA2 /* CustomNumberPad.swift */; };
		52DD7EF325BC205800985AA2 /* GoogleService-Info.plist in Resources */ = {isa = PBXBuildFile; fileRef = 52DD7EF225BC205800985AA2 /* GoogleService-Info.plist */; };
		52DD7EF725BC215300985AA2 /* FirebaseAuth in Frameworks */ = {isa = PBXBuildFile; productRef = 52DD7EF625BC215300985AA2 /* FirebaseAuth */; };
		52DD7EFA25BC22E200985AA2 /* AlertView.swift in Sources */ = {isa = PBXBuildFile; fileRef = 52DD7EF925BC22E200985AA2 /* AlertView.swift */; };
		52DD7EFD25BC362A00985AA2 /* Home.swift in Sources */ = {isa = PBXBuildFile; fileRef = 52DD7EFC25BC362A00985AA2 /* Home.swift */; };
/* End PBXBuildFile section */

/* Begin PBXFileReference section */
		52DD7ECC25BBFD4000985AA2 /* PhoneAuthFirebase.app */ = {isa = PBXFileReference; explicitFileType = wrapper.application; includeInIndex = 0; path = PhoneAuthFirebase.app; sourceTree = BUILT_PRODUCTS_DIR; };
		52DD7ECF25BBFD4000985AA2 /* PhoneAuthFirebaseApp.swift */ = {isa = PBXFileReference; lastKnownFileType = sourcecode.swift; path = PhoneAuthFirebaseApp.swift; sourceTree = "<group>"; };
		52DD7ED125BBFD4000985AA2 /* ContentView.swift */ = {isa = PBXFileReference; lastKnownFileType = sourcecode.swift; path = ContentView.swift; sourceTree = "<group>"; };
		52DD7ED325BBFD4100985AA2 /* Assets.xcassets */ = {isa = PBXFileReference; lastKnownFileType = folder.assetcatalog; path = Assets.xcassets; sourceTree = "<group>"; };
		52DD7ED625BBFD4100985AA2 /* Preview Assets.xcassets */ = {isa = PBXFileReference; lastKnownFileType = folder.assetcatalog; path = "Preview Assets.xcassets"; sourceTree = "<group>"; };
		52DD7ED825BBFD4100985AA2 /* Info.plist */ = {isa = PBXFileReference; lastKnownFileType = text.plist.xml; path = Info.plist; sourceTree = "<group>"; };
		52DD7EE125BC026F00985AA2 /* Login.swift */ = {isa = PBXFileReference; lastKnownFileType = sourcecode.swift; path = Login.swift; sourceTree = "<group>"; };
		52DD7EE425BC03F500985AA2 /* LoginViewModel.swift */ = {isa = PBXFileReference; lastKnownFileType = sourcecode.swift; path = LoginViewModel.swift; sourceTree = "<group>"; };
		52DD7EE825BC059C00985AA2 /* Countries.swift */ = {isa = PBXFileReference; lastKnownFileType = sourcecode.swift; path = Countries.swift; sourceTree = "<group>"; };
		52DD7EEC25BC110600985AA2 /* Verification.swift */ = {isa = PBXFileReference; lastKnownFileType = sourcecode.swift; path = Verification.swift; sourceTree = "<group>"; };
		52DD7EEF25BC164200985AA2 /* CustomNumberPad.swift */ = {isa = PBXFileReference; lastKnownFileType = sourcecode.swift; path = CustomNumberPad.swift; sourceTree = "<group>"; };
		52DD7EF225BC205800985AA2 /* GoogleService-Info.plist */ = {isa = PBXFileReference; fileEncoding = 4; lastKnownFileType = text.plist.xml; path = "GoogleService-Info.plist"; sourceTree = "<group>"; };
		52DD7EF925BC22E200985AA2 /* AlertView.swift */ = {isa = PBXFileReference; lastKnownFileType = sourcecode.swift; path = AlertView.swift; sourceTree = "<group>"; };
		52DD7EFC25BC362A00985AA2 /* Home.swift */ = {isa = PBXFileReference; lastKnownFileType = sourcecode.swift; path = Home.swift; sourceTree = "<group>"; };
/* End PBXFileReference section */

/* Begin PBXFrameworksBuildPhase section */
		52DD7EC925BBFD4000985AA2 /* Frameworks */ = {
			isa = PBXFrameworksBuildPhase;
			buildActionMask = 2147483647;
			files = (
				52DD7EF725BC215300985AA2 /* FirebaseAuth in Frameworks */,
			);
			runOnlyForDeploymentPostprocessing = 0;
		};
/* End PBXFrameworksBuildPhase section */

/* Begin PBXGroup section */
		52DD7EC325BBFD4000985AA2 = {
			isa = PBXGroup;
			children = (
				52DD7ECE25BBFD4000985AA2 /* PhoneAuthFirebase */,
				52DD7ECD25BBFD4000985AA2 /* Products */,
			);
			sourceTree = "<group>";
		};
		52DD7ECD25BBFD4000985AA2 /* Products */ = {
			isa = PBXGroup;
			children = (
				52DD7ECC25BBFD4000985AA2 /* PhoneAuthFirebase.app */,
			);
			name = Products;
			sourceTree = "<group>";
		};
		52DD7ECE25BBFD4000985AA2 /* PhoneAuthFirebase */ = {
			isa = PBXGroup;
			children = (
				52DD7EF225BC205800985AA2 /* GoogleService-Info.plist */,
				52DD7EE725BC058F00985AA2 /* Model */,
				52DD7EE025BC023900985AA2 /* ViewModel */,
				52DD7EDF25BC023400985AA2 /* View */,
				52DD7ECF25BBFD4000985AA2 /* PhoneAuthFirebaseApp.swift */,
				52DD7ED125BBFD4000985AA2 /* ContentView.swift */,
				52DD7ED325BBFD4100985AA2 /* Assets.xcassets */,
				52DD7ED825BBFD4100985AA2 /* Info.plist */,
				52DD7ED525BBFD4100985AA2 /* Preview Content */,
			);
			path = PhoneAuthFirebase;
			sourceTree = "<group>";
		};
		52DD7ED525BBFD4100985AA2 /* Preview Content */ = {
			isa = PBXGroup;
			children = (
				52DD7ED625BBFD4100985AA2 /* Preview Assets.xcassets */,
			);
			path = "Preview Content";
			sourceTree = "<group>";
		};
		52DD7EDF25BC023400985AA2 /* View */ = {
			isa = PBXGroup;
			children = (
				52DD7EE125BC026F00985AA2 /* Login.swift */,
				52DD7EEC25BC110600985AA2 /* Verification.swift */,
				52DD7EEF25BC164200985AA2 /* CustomNumberPad.swift */,
				52DD7EF925BC22E200985AA2 /* AlertView.swift */,
				52DD7EFC25BC362A00985AA2 /* Home.swift */,
			);
			path = View;
			sourceTree = "<group>";
		};
		52DD7EE025BC023900985AA2 /* ViewModel */ = {
			isa = PBXGroup;
			children = (
				52DD7EE425BC03F500985AA2 /* LoginViewModel.swift */,
			);
			path = ViewModel;
			sourceTree = "<group>";
		};
		52DD7EE725BC058F00985AA2 /* Model */ = {
			isa = PBXGroup;
			children = (
				52DD7EE825BC059C00985AA2 /* Countries.swift */,
			);
			path = Model;
			sourceTree = "<group>";
		};
/* End PBXGroup section */

/* Begin PBXNativeTarget section */
		52DD7ECB25BBFD4000985AA2 /* PhoneAuthFirebase */ = {
			isa = PBXNativeTarget;
			buildConfigurationList = 52DD7EDB25BBFD4100985AA2 /* Build configuration list for PBXNativeTarget "PhoneAuthFirebase" */;
			buildPhases = (
				52DD7EC825BBFD4000985AA2 /* Sources */,
				52DD7EC925BBFD4000985AA2 /* Frameworks */,
				52DD7ECA25BBFD4000985AA2 /* Resources */,
			);
			buildRules = (
			);
			dependencies = (
			);
			name = PhoneAuthFirebase;
			packageProductDependencies = (
				52DD7EF625BC215300985AA2 /* FirebaseAuth */,
			);
			productName = PhoneAuthFirebase;
			productReference = 52DD7ECC25BBFD4000985AA2 /* PhoneAuthFirebase.app */;
			productType = "com.apple.product-type.application";
		};
/* End PBXNativeTarget section */

/* Begin PBXProject section */
		52DD7EC425BBFD4000985AA2 /* Project object */ = {
			isa = PBXProject;
			attributes = {
				LastSwiftUpdateCheck = 1230;
				LastUpgradeCheck = 1230;
				TargetAttributes = {
					52DD7ECB25BBFD4000985AA2 = {
						CreatedOnToolsVersion = 12.3;
					};
				};
			};
			buildConfigurationList = 52DD7EC725BBFD4000985AA2 /* Build configuration list for PBXProject "PhoneAuthFirebase" */;
			compatibilityVersion = "Xcode 9.3";
			developmentRegion = en;
			hasScannedForEncodings = 0;
			knownRegions = (
				en,
				Base,
			);
			mainGroup = 52DD7EC325BBFD4000985AA2;
			packageReferences = (
				52DD7EF525BC215300985AA2 /* XCRemoteSwiftPackageReference "firebase-ios-sdk" */,
			);
			productRefGroup = 52DD7ECD25BBFD4000985AA2 /* Products */;
			projectDirPath = "";
			projectRoot = "";
			targets = (
				52DD7ECB25BBFD4000985AA2 /* PhoneAuthFirebase */,
			);
		};
/* End PBXProject section */

/* Begin PBXResourcesBuildPhase section */
		52DD7ECA25BBFD4000985AA2 /* Resources */ = {
			isa = PBXResourcesBuildPhase;
			buildActionMask = 2147483647;
			files = (
				52DD7ED725BBFD4100985AA2 /* Preview Assets.xcassets in Resources */,
				52DD7EF325BC205800985AA2 /* GoogleService-Info.plist in Resources */,
				52DD7ED425BBFD4100985AA2 /* Assets.xcassets in Resources */,
			);
			runOnlyForDeploymentPostprocessing = 0;
		};
/* End PBXResourcesBuildPhase section */

/* Begin PBXSourcesBuildPhase section */
		52DD7EC825BBFD4000985AA2 /* Sources */ = {
			isa = PBXSourcesBuildPhase;
			buildActionMask = 2147483647;
			files = (
				52DD7EED25BC110600985AA2 /* Verification.swift in Sources */,
				52DD7EE525BC03F500985AA2 /* LoginViewModel.swift in Sources */,
				52DD7EE225BC026F00985AA2 /* Login.swift in Sources */,
				52DD7ED225BBFD4000985AA2 /* ContentView.swift in Sources */,
				52DD7EFD25BC362A00985AA2 /* Home.swift in Sources */,
				52DD7EE925BC059C00985AA2 /* Countries.swift in Sources */,
				52DD7EFA25BC22E200985AA2 /* AlertView.swift in Sources */,
				52DD7ED025BBFD4000985AA2 /* PhoneAuthFirebaseApp.swift in Sources */,
				52DD7EF025BC164200985AA2 /* CustomNumberPad.swift in Sources */,
			);
			runOnlyForDeploymentPostprocessing = 0;
		};
/* End PBXSourcesBuildPhase section */

/* Begin XCBuildConfiguration section */
		52DD7ED925BBFD4100985AA2 /* Debug */ = {
			isa = XCBuildConfiguration;
			buildSettings = {
				ALWAYS_SEARCH_USER_PATHS = NO;
				CLANG_ANALYZER_NONNULL = YES;
				CLANG_ANALYZER_NUMBER_OBJECT_CONVERSION = YES_AGGRESSIVE;
				CLANG_CXX_LANGUAGE_STANDARD = "gnu++14";
				CLANG_CXX_LIBRARY = "libc++";
				CLANG_ENABLE_MODULES = YES;
				CLANG_ENABLE_OBJC_ARC = YES;
				CLANG_ENABLE_OBJC_WEAK = YES;
				CLANG_WARN_BLOCK_CAPTURE_AUTORELEASING = YES;
				CLANG_WARN_BOOL_CONVERSION = YES;
				CLANG_WARN_COMMA = YES;
				CLANG_WARN_CONSTANT_CONVERSION = YES;
				CLANG_WARN_DEPRECATED_OBJC_IMPLEMENTATIONS = YES;
				CLANG_WARN_DIRECT_OBJC_ISA_USAGE = YES_ERROR;
				CLANG_WARN_DOCUMENTATION_COMMENTS = YES;
				CLANG_WARN_EMPTY_BODY = YES;
				CLANG_WARN_ENUM_CONVERSION = YES;
				CLANG_WARN_INFINITE_RECURSION = YES;
				CLANG_WARN_INT_CONVERSION = YES;
				CLANG_WARN_NON_LITERAL_NULL_CONVERSION = YES;
				CLANG_WARN_OBJC_IMPLICIT_RETAIN_SELF = YES;
				CLANG_WARN_OBJC_LITERAL_CONVERSION = YES;
				CLANG_WARN_OBJC_ROOT_CLASS = YES_ERROR;
				CLANG_WARN_QUOTED_INCLUDE_IN_FRAMEWORK_HEADER = YES;
				CLANG_WARN_RANGE_LOOP_ANALYSIS = YES;
				CLANG_WARN_STRICT_PROTOTYPES = YES;
				CLANG_WARN_SUSPICIOUS_MOVE = YES;
				CLANG_WARN_UNGUARDED_AVAILABILITY = YES_AGGRESSIVE;
				CLANG_WARN_UNREACHABLE_CODE = YES;
				CLANG_WARN__DUPLICATE_METHOD_MATCH = YES;
				COPY_PHASE_STRIP = NO;
				DEBUG_INFORMATION_FORMAT = dwarf;
				ENABLE_STRICT_OBJC_MSGSEND = YES;
				ENABLE_TESTABILITY = YES;
				GCC_C_LANGUAGE_STANDARD = gnu11;
				GCC_DYNAMIC_NO_PIC = NO;
				GCC_NO_COMMON_BLOCKS = YES;
				GCC_OPTIMIZATION_LEVEL = 0;
				GCC_PREPROCESSOR_DEFINITIONS = (
					"DEBUG=1",
					"$(inherited)",
				);
				GCC_WARN_64_TO_32_BIT_CONVERSION = YES;
				GCC_WARN_ABOUT_RETURN_TYPE = YES_ERROR;
				GCC_WARN_UNDECLARED_SELECTOR = YES;
				GCC_WARN_UNINITIALIZED_AUTOS = YES_AGGRESSIVE;
				GCC_WARN_UNUSED_FUNCTION = YES;
				GCC_WARN_UNUSED_VARIABLE = YES;
				IPHONEOS_DEPLOYMENT_TARGET = 14.3;
				MTL_ENABLE_DEBUG_INFO = INCLUDE_SOURCE;
				MTL_FAST_MATH = YES;
				ONLY_ACTIVE_ARCH = YES;
				SDKROOT = iphoneos;
				SWIFT_ACTIVE_COMPILATION_CONDITIONS = DEBUG;
				SWIFT_OPTIMIZATION_LEVEL = "-Onone";
			};
			name = Debug;
		};
		52DD7EDA25BBFD4100985AA2 /* Release */ = {
			isa = XCBuildConfiguration;
			buildSettings = {
				ALWAYS_SEARCH_USER_PATHS = NO;
				CLANG_ANALYZER_NONNULL = YES;
				CLANG_ANALYZER_NUMBER_OBJECT_CONVERSION = YES_AGGRESSIVE;
				CLANG_CXX_LANGUAGE_STANDARD = "gnu++14";
				CLANG_CXX_LIBRARY = "libc++";
				CLANG_ENABLE_MODULES = YES;
				CLANG_ENABLE_OBJC_ARC = YES;
				CLANG_ENABLE_OBJC_WEAK = YES;
				CLANG_WARN_BLOCK_CAPTURE_AUTORELEASING = YES;
				CLANG_WARN_BOOL_CONVERSION = YES;
				CLANG_WARN_COMMA = YES;
				CLANG_WARN_CONSTANT_CONVERSION = YES;
				CLANG_WARN_DEPRECATED_OBJC_IMPLEMENTATIONS = YES;
				CLANG_WARN_DIRECT_OBJC_ISA_USAGE = YES_ERROR;
				CLANG_WARN_DOCUMENTATION_COMMENTS = YES;
				CLANG_WARN_EMPTY_BODY = YES;
				CLANG_WARN_ENUM_CONVERSION = YES;
				CLANG_WARN_INFINITE_RECURSION = YES;
				CLANG_WARN_INT_CONVERSION = YES;
				CLANG_WARN_NON_LITERAL_NULL_CONVERSION = YES;
				CLANG_WARN_OBJC_IMPLICIT_RETAIN_SELF = YES;
				CLANG_WARN_OBJC_LITERAL_CONVERSION = YES;
				CLANG_WARN_OBJC_ROOT_CLASS = YES_ERROR;
				CLANG_WARN_QUOTED_INCLUDE_IN_FRAMEWORK_HEADER = YES;
				CLANG_WARN_RANGE_LOOP_ANALYSIS = YES;
				CLANG_WARN_STRICT_PROTOTYPES = YES;
				CLANG_WARN_SUSPICIOUS_MOVE = YES;
				CLANG_WARN_UNGUARDED_AVAILABILITY = YES_AGGRESSIVE;
				CLANG_WARN_UNREACHABLE_CODE = YES;
				CLANG_WARN__DUPLICATE_METHOD_MATCH = YES;
				COPY_PHASE_STRIP = NO;
				DEBUG_INFORMATION_FORMAT = "dwarf-with-dsym";
				ENABLE_NS_ASSERTIONS = NO;
				ENABLE_STRICT_OBJC_MSGSEND = YES;
				GCC_C_LANGUAGE_STANDARD = gnu11;
				GCC_NO_COMMON_BLOCKS = YES;
				GCC_WARN_64_TO_32_BIT_CONVERSION = YES;
				GCC_WARN_ABOUT_RETURN_TYPE = YES_ERROR;
				GCC_WARN_UNDECLARED_SELECTOR = YES;
				GCC_WARN_UNINITIALIZED_AUTOS = YES_AGGRESSIVE;
				GCC_WARN_UNUSED_FUNCTION = YES;
				GCC_WARN_UNUSED_VARIABLE = YES;
				IPHONEOS_DEPLOYMENT_TARGET = 14.3;
				MTL_ENABLE_DEBUG_INFO = NO;
				MTL_FAST_MATH = YES;
				SDKROOT = iphoneos;
				SWIFT_COMPILATION_MODE = wholemodule;
				SWIFT_OPTIMIZATION_LEVEL = "-O";
				VALIDATE_PRODUCT = YES;
			};
			name = Release;
		};
		52DD7EDC25BBFD4100985AA2 /* Debug */ = {
			isa = XCBuildConfiguration;
			buildSettings = {
				ASSETCATALOG_COMPILER_APPICON_NAME = AppIcon;
				ASSETCATALOG_COMPILER_GLOBAL_ACCENT_COLOR_NAME = AccentColor;
				CODE_SIGN_STYLE = Automatic;
				DEVELOPMENT_ASSET_PATHS = "\"PhoneAuthFirebase/Preview Content\"";
				DEVELOPMENT_TEAM = PM9A36DEYH;
				ENABLE_PREVIEWS = YES;
				INFOPLIST_FILE = PhoneAuthFirebase/Info.plist;
				IPHONEOS_DEPLOYMENT_TARGET = 14.0;
				LD_RUNPATH_SEARCH_PATHS = (
					"$(inherited)",
					"@executable_path/Frameworks",
				);
				PRODUCT_BUNDLE_IDENTIFIER = com.ginger.PhoneAuthFirebase;
				PRODUCT_NAME = "$(TARGET_NAME)";
				SWIFT_VERSION = 5.0;
				TARGETED_DEVICE_FAMILY = "1,2";
			};
			name = Debug;
		};
		52DD7EDD25BBFD4100985AA2 /* Release */ = {
			isa = XCBuildConfiguration;
			buildSettings = {
				ASSETCATALOG_COMPILER_APPICON_NAME = AppIcon;
				ASSETCATALOG_COMPILER_GLOBAL_ACCENT_COLOR_NAME = AccentColor;
				CODE_SIGN_STYLE = Automatic;
				DEVELOPMENT_ASSET_PATHS = "\"PhoneAuthFirebase/Preview Content\"";
				DEVELOPMENT_TEAM = PM9A36DEYH;
				ENABLE_PREVIEWS = YES;
				INFOPLIST_FILE = PhoneAuthFirebase/Info.plist;
				IPHONEOS_DEPLOYMENT_TARGET = 14.0;
				LD_RUNPATH_SEARCH_PATHS = (
					"$(inherited)",
					"@executable_path/Frameworks",
				);
				PRODUCT_BUNDLE_IDENTIFIER = com.ginger.PhoneAuthFirebase;
				PRODUCT_NAME = "$(TARGET_NAME)";
				SWIFT_VERSION = 5.0;
				TARGETED_DEVICE_FAMILY = "1,2";
			};
			name = Release;
		};
/* End XCBuildConfiguration section */

/* Begin XCConfigurationList section */
		52DD7EC725BBFD4000985AA2 /* Build configuration list for PBXProject "PhoneAuthFirebase" */ = {
			isa = XCConfigurationList;
			buildConfigurations = (
				52DD7ED925BBFD4100985AA2 /* Debug */,
				52DD7EDA25BBFD4100985AA2 /* Release */,
			);
			defaultConfigurationIsVisible = 0;
			defaultConfigurationName = Release;
		};
		52DD7EDB25BBFD4100985AA2 /* Build configuration list for PBXNativeTarget "PhoneAuthFirebase" */ = {
			isa = XCConfigurationList;
			buildConfigurations = (
				52DD7EDC25BBFD4100985AA2 /* Debug */,
				52DD7EDD25BBFD4100985AA2 /* Release */,
			);
			defaultConfigurationIsVisible = 0;
			defaultConfigurationName = Release;
		};
/* End XCConfigurationList section */

/* Begin XCRemoteSwiftPackageReference section */
		52DD7EF525BC215300985AA2 /* XCRemoteSwiftPackageReference "firebase-ios-sdk" */ = {
			isa = XCRemoteSwiftPackageReference;
			repositoryURL = "https://github.com/firebase/firebase-ios-sdk.git";
			requirement = {
				kind = upToNextMajorVersion;
				minimumVersion = 7.4.0;
			};
		};
/* End XCRemoteSwiftPackageReference section */

/* Begin XCSwiftPackageProductDependency section */
		52DD7EF625BC215300985AA2 /* FirebaseAuth */ = {
			isa = XCSwiftPackageProductDependency;
			package = 52DD7EF525BC215300985AA2 /* XCRemoteSwiftPackageReference "firebase-ios-sdk" */;
			productName = FirebaseAuth;
		};
/* End XCSwiftPackageProductDependency section */
	};
	rootObject = 52DD7EC425BBFD4000985AA2 /* Project object */;
}
